// !$*UTF8*$!
{
	archiveVersion = 1;
	classes = {
	};
	objectVersion = 46;
	objects = {

/* Begin PBXBuildFile section */
		2E3F4A981C3627EC00D015BA /* HighScore.swift in Sources */ = {isa = PBXBuildFile; fileRef = 2E3F4A971C3627EC00D015BA /* HighScore.swift */; };
		2E3F4A9A1C37393700D015BA /* InfoViewController.swift in Sources */ = {isa = PBXBuildFile; fileRef = 2E3F4A991C37393700D015BA /* InfoViewController.swift */; };
		2EC21E611C34734C008E6731 /* AppDelegate.swift in Sources */ = {isa = PBXBuildFile; fileRef = 2EC21E601C34734C008E6731 /* AppDelegate.swift */; };
		2EC21E631C34734C008E6731 /* ViewController.swift in Sources */ = {isa = PBXBuildFile; fileRef = 2EC21E621C34734C008E6731 /* ViewController.swift */; };
		2EC21E661C34734C008E6731 /* Main.storyboard in Resources */ = {isa = PBXBuildFile; fileRef = 2EC21E641C34734C008E6731 /* Main.storyboard */; };
		2EC21E681C34734C008E6731 /* Assets.xcassets in Resources */ = {isa = PBXBuildFile; fileRef = 2EC21E671C34734C008E6731 /* Assets.xcassets */; };
		2EC21E6B1C34734C008E6731 /* LaunchScreen.storyboard in Resources */ = {isa = PBXBuildFile; fileRef = 2EC21E691C34734C008E6731 /* LaunchScreen.storyboard */; };
		2EC21E731C347AC4008E6731 /* GamePlayViewController.swift in Sources */ = {isa = PBXBuildFile; fileRef = 2EC21E721C347AC4008E6731 /* GamePlayViewController.swift */; };
		2EC21E751C34B987008E6731 /* AlfaSlabOne-Regular.ttf in Resources */ = {isa = PBXBuildFile; fileRef = 2EC21E741C34B987008E6731 /* AlfaSlabOne-Regular.ttf */; };
		2EC21E771C34BA28008E6731 /* LuckiestGuy.ttf in Resources */ = {isa = PBXBuildFile; fileRef = 2EC21E761C34BA28008E6731 /* LuckiestGuy.ttf */; };
		2EC21E791C34C576008E6731 /* CountdownViewController.swift in Sources */ = {isa = PBXBuildFile; fileRef = 2EC21E781C34C576008E6731 /* CountdownViewController.swift */; };
		2EC21E7B1C34C5A7008E6731 /* LeaderboardViewController.swift in Sources */ = {isa = PBXBuildFile; fileRef = 2EC21E7A1C34C5A7008E6731 /* LeaderboardViewController.swift */; };
		2EC21E7D1C34C5B4008E6731 /* GameOverViewController.swift in Sources */ = {isa = PBXBuildFile; fileRef = 2EC21E7C1C34C5B4008E6731 /* GameOverViewController.swift */; };
		2EC21E7F1C34E928008E6731 /* HighScoreAlert.swift in Sources */ = {isa = PBXBuildFile; fileRef = 2EC21E7E1C34E928008E6731 /* HighScoreAlert.swift */; };
		2EC21E811C3500CC008E6731 /* LeaderBoardTableViewCell.swift in Sources */ = {isa = PBXBuildFile; fileRef = 2EC21E801C3500CC008E6731 /* LeaderBoardTableViewCell.swift */; };
		B662119D0BB39068D1CB5EA2 /* Pods.framework in Frameworks */ = {isa = PBXBuildFile; fileRef = 090A76EA07C00F22F1D77E88 /* Pods.framework */; };
/* End PBXBuildFile section */

/* Begin PBXFileReference section */
		090A76EA07C00F22F1D77E88 /* Pods.framework */ = {isa = PBXFileReference; explicitFileType = wrapper.framework; includeInIndex = 0; path = Pods.framework; sourceTree = BUILT_PRODUCTS_DIR; };
		2E3F4A971C3627EC00D015BA /* HighScore.swift */ = {isa = PBXFileReference; fileEncoding = 4; lastKnownFileType = sourcecode.swift; path = HighScore.swift; sourceTree = "<group>"; };
		2E3F4A991C37393700D015BA /* InfoViewController.swift */ = {isa = PBXFileReference; fileEncoding = 4; lastKnownFileType = sourcecode.swift; path = InfoViewController.swift; sourceTree = "<group>"; };
		2EC21E5D1C34734C008E6731 /* Colour Swap.app */ = {isa = PBXFileReference; explicitFileType = wrapper.application; includeInIndex = 0; path = "Colour Swap.app"; sourceTree = BUILT_PRODUCTS_DIR; };
		2EC21E601C34734C008E6731 /* AppDelegate.swift */ = {isa = PBXFileReference; lastKnownFileType = sourcecode.swift; path = AppDelegate.swift; sourceTree = "<group>"; };
		2EC21E621C34734C008E6731 /* ViewController.swift */ = {isa = PBXFileReference; lastKnownFileType = sourcecode.swift; path = ViewController.swift; sourceTree = "<group>"; };
		2EC21E651C34734C008E6731 /* Base */ = {isa = PBXFileReference; lastKnownFileType = file.storyboard; name = Base; path = Base.lproj/Main.storyboard; sourceTree = "<group>"; };
		2EC21E671C34734C008E6731 /* Assets.xcassets */ = {isa = PBXFileReference; lastKnownFileType = folder.assetcatalog; path = Assets.xcassets; sourceTree = "<group>"; };
		2EC21E6A1C34734C008E6731 /* Base */ = {isa = PBXFileReference; lastKnownFileType = file.storyboard; name = Base; path = Base.lproj/LaunchScreen.storyboard; sourceTree = "<group>"; };
		2EC21E6C1C34734C008E6731 /* Info.plist */ = {isa = PBXFileReference; lastKnownFileType = text.plist.xml; path = Info.plist; sourceTree = "<group>"; };
		2EC21E721C347AC4008E6731 /* GamePlayViewController.swift */ = {isa = PBXFileReference; fileEncoding = 4; lastKnownFileType = sourcecode.swift; path = GamePlayViewController.swift; sourceTree = "<group>"; };
		2EC21E741C34B987008E6731 /* AlfaSlabOne-Regular.ttf */ = {isa = PBXFileReference; lastKnownFileType = file; path = "AlfaSlabOne-Regular.ttf"; sourceTree = "<group>"; };
		2EC21E761C34BA28008E6731 /* LuckiestGuy.ttf */ = {isa = PBXFileReference; lastKnownFileType = file; path = LuckiestGuy.ttf; sourceTree = "<group>"; };
		2EC21E781C34C576008E6731 /* CountdownViewController.swift */ = {isa = PBXFileReference; fileEncoding = 4; lastKnownFileType = sourcecode.swift; path = CountdownViewController.swift; sourceTree = "<group>"; };
		2EC21E7A1C34C5A7008E6731 /* LeaderboardViewController.swift */ = {isa = PBXFileReference; fileEncoding = 4; lastKnownFileType = sourcecode.swift; path = LeaderboardViewController.swift; sourceTree = "<group>"; };
		2EC21E7C1C34C5B4008E6731 /* GameOverViewController.swift */ = {isa = PBXFileReference; fileEncoding = 4; lastKnownFileType = sourcecode.swift; path = GameOverViewController.swift; sourceTree = "<group>"; };
		2EC21E7E1C34E928008E6731 /* HighScoreAlert.swift */ = {isa = PBXFileReference; fileEncoding = 4; lastKnownFileType = sourcecode.swift; path = HighScoreAlert.swift; sourceTree = "<group>"; };
		2EC21E801C3500CC008E6731 /* LeaderBoardTableViewCell.swift */ = {isa = PBXFileReference; fileEncoding = 4; lastKnownFileType = sourcecode.swift; path = LeaderBoardTableViewCell.swift; sourceTree = "<group>"; };
		B2E8FC20332014A05AD9A93C /* Pods.debug.xcconfig */ = {isa = PBXFileReference; includeInIndex = 1; lastKnownFileType = text.xcconfig; name = Pods.debug.xcconfig; path = "Pods/Target Support Files/Pods/Pods.debug.xcconfig"; sourceTree = "<group>"; };
		CEE2BB36476FD63CB1CE13B1 /* Pods.release.xcconfig */ = {isa = PBXFileReference; includeInIndex = 1; lastKnownFileType = text.xcconfig; name = Pods.release.xcconfig; path = "Pods/Target Support Files/Pods/Pods.release.xcconfig"; sourceTree = "<group>"; };
/* End PBXFileReference section */

/* Begin PBXFrameworksBuildPhase section */
		2EC21E5A1C34734C008E6731 /* Frameworks */ = {
			isa = PBXFrameworksBuildPhase;
			buildActionMask = 2147483647;
			files = (
				B662119D0BB39068D1CB5EA2 /* Pods.framework in Frameworks */,
			);
			runOnlyForDeploymentPostprocessing = 0;
		};
/* End PBXFrameworksBuildPhase section */

/* Begin PBXGroup section */
		2EC21E541C34734C008E6731 = {
			isa = PBXGroup;
			children = (
				2EC21E5F1C34734C008E6731 /* Colour */,
				2EC21E5E1C34734C008E6731 /* Products */,
				C5F71A2F1E68B4771EDBDD4A /* Pods */,
				E0CDB7BF86A343341BD6700B /* Frameworks */,
			);
			sourceTree = "<group>";
		};
		2EC21E5E1C34734C008E6731 /* Products */ = {
			isa = PBXGroup;
			children = (
				2EC21E5D1C34734C008E6731 /* Colour Swap.app */,
			);
			name = Products;
			sourceTree = "<group>";
		};
		2EC21E5F1C34734C008E6731 /* Colour */ = {
			isa = PBXGroup;
			children = (
				2EC21E601C34734C008E6731 /* AppDelegate.swift */,
				2EC21E621C34734C008E6731 /* ViewController.swift */,
				2E3F4A971C3627EC00D015BA /* HighScore.swift */,
				2EC21E641C34734C008E6731 /* Main.storyboard */,
				2E3F4A991C37393700D015BA /* InfoViewController.swift */,
				2EC21E801C3500CC008E6731 /* LeaderBoardTableViewCell.swift */,
				2EC21E7E1C34E928008E6731 /* HighScoreAlert.swift */,
				2EC21E781C34C576008E6731 /* CountdownViewController.swift */,
				2EC21E7A1C34C5A7008E6731 /* LeaderboardViewController.swift */,
				2EC21E7C1C34C5B4008E6731 /* GameOverViewController.swift */,
				2EC21E721C347AC4008E6731 /* GamePlayViewController.swift */,
				2EC21E671C34734C008E6731 /* Assets.xcassets */,
				2EC21E741C34B987008E6731 /* AlfaSlabOne-Regular.ttf */,
				2EC21E761C34BA28008E6731 /* LuckiestGuy.ttf */,
				2EC21E691C34734C008E6731 /* LaunchScreen.storyboard */,
				2EC21E6C1C34734C008E6731 /* Info.plist */,
			);
			path = Colour;
			sourceTree = "<group>";
		};
		C5F71A2F1E68B4771EDBDD4A /* Pods */ = {
			isa = PBXGroup;
			children = (
				B2E8FC20332014A05AD9A93C /* Pods.debug.xcconfig */,
				CEE2BB36476FD63CB1CE13B1 /* Pods.release.xcconfig */,
			);
			name = Pods;
			sourceTree = "<group>";
		};
		E0CDB7BF86A343341BD6700B /* Frameworks */ = {
			isa = PBXGroup;
			children = (
				090A76EA07C00F22F1D77E88 /* Pods.framework */,
			);
			name = Frameworks;
			sourceTree = "<group>";
		};
/* End PBXGroup section */

/* Begin PBXNativeTarget section */
		2EC21E5C1C34734C008E6731 /* Colour Swap */ = {
			isa = PBXNativeTarget;
			buildConfigurationList = 2EC21E6F1C34734C008E6731 /* Build configuration list for PBXNativeTarget "Colour Swap" */;
			buildPhases = (
				CAC161CFD116DD9FE388AD35 /* Check Pods Manifest.lock */,
				2EC21E591C34734C008E6731 /* Sources */,
				2EC21E5A1C34734C008E6731 /* Frameworks */,
				2EC21E5B1C34734C008E6731 /* Resources */,
				2D814371C324FAD1E3DAF7F5 /* Embed Pods Frameworks */,
				E595AB6CF0E415FB0A3564BE /* Copy Pods Resources */,
			);
			buildRules = (
			);
			dependencies = (
			);
			name = "Colour Swap";
			productName = Colour;
			productReference = 2EC21E5D1C34734C008E6731 /* Colour Swap.app */;
			productType = "com.apple.product-type.application";
		};
/* End PBXNativeTarget section */

/* Begin PBXProject section */
		2EC21E551C34734C008E6731 /* Project object */ = {
			isa = PBXProject;
			attributes = {
				LastSwiftUpdateCheck = 0710;
				LastUpgradeCheck = 0710;
				ORGANIZATIONNAME = "David Hakanson";
				TargetAttributes = {
					2EC21E5C1C34734C008E6731 = {
						CreatedOnToolsVersion = 7.1.1;
						DevelopmentTeam = 2JTZ7Z23H6;
					};
				};
			};
			buildConfigurationList = 2EC21E581C34734C008E6731 /* Build configuration list for PBXProject "Colour Swap" */;
			compatibilityVersion = "Xcode 3.2";
			developmentRegion = English;
			hasScannedForEncodings = 0;
			knownRegions = (
				en,
				Base,
			);
			mainGroup = 2EC21E541C34734C008E6731;
			productRefGroup = 2EC21E5E1C34734C008E6731 /* Products */;
			projectDirPath = "";
			projectRoot = "";
			targets = (
				2EC21E5C1C34734C008E6731 /* Colour Swap */,
			);
		};
/* End PBXProject section */

/* Begin PBXResourcesBuildPhase section */
		2EC21E5B1C34734C008E6731 /* Resources */ = {
			isa = PBXResourcesBuildPhase;
			buildActionMask = 2147483647;
			files = (
				2EC21E771C34BA28008E6731 /* LuckiestGuy.ttf in Resources */,
				2EC21E6B1C34734C008E6731 /* LaunchScreen.storyboard in Resources */,
				2EC21E681C34734C008E6731 /* Assets.xcassets in Resources */,
				2EC21E751C34B987008E6731 /* AlfaSlabOne-Regular.ttf in Resources */,
				2EC21E661C34734C008E6731 /* Main.storyboard in Resources */,
			);
			runOnlyForDeploymentPostprocessing = 0;
		};
/* End PBXResourcesBuildPhase section */

/* Begin PBXShellScriptBuildPhase section */
		2D814371C324FAD1E3DAF7F5 /* Embed Pods Frameworks */ = {
			isa = PBXShellScriptBuildPhase;
			buildActionMask = 2147483647;
			files = (
			);
			inputPaths = (
			);
			name = "Embed Pods Frameworks";
			outputPaths = (
			);
			runOnlyForDeploymentPostprocessing = 0;
			shellPath = /bin/sh;
			shellScript = "\"${SRCROOT}/Pods/Target Support Files/Pods/Pods-frameworks.sh\"\n";
			showEnvVarsInLog = 0;
		};
		CAC161CFD116DD9FE388AD35 /* Check Pods Manifest.lock */ = {
			isa = PBXShellScriptBuildPhase;
			buildActionMask = 2147483647;
			files = (
			);
			inputPaths = (
			);
			name = "Check Pods Manifest.lock";
			outputPaths = (
			);
			runOnlyForDeploymentPostprocessing = 0;
			shellPath = /bin/sh;
			shellScript = "diff \"${PODS_ROOT}/../Podfile.lock\" \"${PODS_ROOT}/Manifest.lock\" > /dev/null\nif [[ $? != 0 ]] ; then\n    cat << EOM\nerror: The sandbox is not in sync with the Podfile.lock. Run 'pod install' or update your CocoaPods installation.\nEOM\n    exit 1\nfi\n";
			showEnvVarsInLog = 0;
		};
		E595AB6CF0E415FB0A3564BE /* Copy Pods Resources */ = {
			isa = PBXShellScriptBuildPhase;
			buildActionMask = 2147483647;
			files = (
			);
			inputPaths = (
			);
			name = "Copy Pods Resources";
			outputPaths = (
			);
			runOnlyForDeploymentPostprocessing = 0;
			shellPath = /bin/sh;
			shellScript = "\"${SRCROOT}/Pods/Target Support Files/Pods/Pods-resources.sh\"\n";
			showEnvVarsInLog = 0;
		};
/* End PBXShellScriptBuildPhase section */

/* Begin PBXSourcesBuildPhase section */
		2EC21E591C34734C008E6731 /* Sources */ = {
			isa = PBXSourcesBuildPhase;
			buildActionMask = 2147483647;
			files = (
				2EC21E791C34C576008E6731 /* CountdownViewController.swift in Sources */,
				2EC21E811C3500CC008E6731 /* LeaderBoardTableViewCell.swift in Sources */,
				2EC21E631C34734C008E6731 /* ViewController.swift in Sources */,
				2EC21E7D1C34C5B4008E6731 /* GameOverViewController.swift in Sources */,
				2E3F4A9A1C37393700D015BA /* InfoViewController.swift in Sources */,
				2E3F4A981C3627EC00D015BA /* HighScore.swift in Sources */,
				2EC21E7B1C34C5A7008E6731 /* LeaderboardViewController.swift in Sources */,
				2EC21E7F1C34E928008E6731 /* HighScoreAlert.swift in Sources */,
				2EC21E731C347AC4008E6731 /* GamePlayViewController.swift in Sources */,
				2EC21E611C34734C008E6731 /* AppDelegate.swift in Sources */,
			);
			runOnlyForDeploymentPostprocessing = 0;
		};
/* End PBXSourcesBuildPhase section */

/* Begin PBXVariantGroup section */
		2EC21E641C34734C008E6731 /* Main.storyboard */ = {
			isa = PBXVariantGroup;
			children = (
				2EC21E651C34734C008E6731 /* Base */,
			);
			name = Main.storyboard;
			sourceTree = "<group>";
		};
		2EC21E691C34734C008E6731 /* LaunchScreen.storyboard */ = {
			isa = PBXVariantGroup;
			children = (
				2EC21E6A1C34734C008E6731 /* Base */,
			);
			name = LaunchScreen.storyboard;
			sourceTree = "<group>";
		};
/* End PBXVariantGroup section */

/* Begin XCBuildConfiguration section */
		2EC21E6D1C34734C008E6731 /* Debug */ = {
			isa = XCBuildConfiguration;
			buildSettings = {
				ALWAYS_SEARCH_USER_PATHS = NO;
				CLANG_CXX_LANGUAGE_STANDARD = "gnu++0x";
				CLANG_CXX_LIBRARY = "libc++";
				CLANG_ENABLE_MODULES = YES;
				CLANG_ENABLE_OBJC_ARC = YES;
				CLANG_WARN_BOOL_CONVERSION = YES;
				CLANG_WARN_CONSTANT_CONVERSION = YES;
				CLANG_WARN_DIRECT_OBJC_ISA_USAGE = YES_ERROR;
				CLANG_WARN_EMPTY_BODY = YES;
				CLANG_WARN_ENUM_CONVERSION = YES;
				CLANG_WARN_INT_CONVERSION = YES;
				CLANG_WARN_OBJC_ROOT_CLASS = YES_ERROR;
				CLANG_WARN_UNREACHABLE_CODE = YES;
				CLANG_WARN__DUPLICATE_METHOD_MATCH = YES;
				"CODE_SIGN_IDENTITY[sdk=iphoneos*]" = "iPhone Developer";
				COPY_PHASE_STRIP = NO;
				DEBUG_INFORMATION_FORMAT = dwarf;
				ENABLE_STRICT_OBJC_MSGSEND = YES;
				ENABLE_TESTABILITY = YES;
				GCC_C_LANGUAGE_STANDARD = gnu99;
				GCC_DYNAMIC_NO_PIC = NO;
				GCC_NO_COMMON_BLOCKS = YES;
				GCC_OPTIMIZATION_LEVEL = 0;
				GCC_PREPROCESSOR_DEFINITIONS = (
					"DEBUG=1",
					"$(inherited)",
				);
				GCC_WARN_64_TO_32_BIT_CONVERSION = YES;
				GCC_WARN_ABOUT_RETURN_TYPE = YES_ERROR;
				GCC_WARN_UNDECLARED_SELECTOR = YES;
				GCC_WARN_UNINITIALIZED_AUTOS = YES_AGGRESSIVE;
				GCC_WARN_UNUSED_FUNCTION = YES;
				GCC_WARN_UNUSED_VARIABLE = YES;
				IPHONEOS_DEPLOYMENT_TARGET = 9.1;
				MTL_ENABLE_DEBUG_INFO = YES;
				ONLY_ACTIVE_ARCH = YES;
				SDKROOT = iphoneos;
				SWIFT_OPTIMIZATION_LEVEL = "-Onone";
				TARGETED_DEVICE_FAMILY = "1,2";
			};
			name = Debug;
		};
		2EC21E6E1C34734C008E6731 /* Release */ = {
			isa = XCBuildConfiguration;
			buildSettings = {
				ALWAYS_SEARCH_USER_PATHS = NO;
				CLANG_CXX_LANGUAGE_STANDARD = "gnu++0x";
				CLANG_CXX_LIBRARY = "libc++";
				CLANG_ENABLE_MODULES = YES;
				CLANG_ENABLE_OBJC_ARC = YES;
				CLANG_WARN_BOOL_CONVERSION = YES;
				CLANG_WARN_CONSTANT_CONVERSION = YES;
				CLANG_WARN_DIRECT_OBJC_ISA_USAGE = YES_ERROR;
				CLANG_WARN_EMPTY_BODY = YES;
				CLANG_WARN_ENUM_CONVERSION = YES;
				CLANG_WARN_INT_CONVERSION = YES;
				CLANG_WARN_OBJC_ROOT_CLASS = YES_ERROR;
				CLANG_WARN_UNREACHABLE_CODE = YES;
				CLANG_WARN__DUPLICATE_METHOD_MATCH = YES;
				"CODE_SIGN_IDENTITY[sdk=iphoneos*]" = "iPhone Developer";
				COPY_PHASE_STRIP = NO;
				DEBUG_INFORMATION_FORMAT = "dwarf-with-dsym";
				ENABLE_NS_ASSERTIONS = NO;
				ENABLE_STRICT_OBJC_MSGSEND = YES;
				GCC_C_LANGUAGE_STANDARD = gnu99;
				GCC_NO_COMMON_BLOCKS = YES;
				GCC_WARN_64_TO_32_BIT_CONVERSION = YES;
				GCC_WARN_ABOUT_RETURN_TYPE = YES_ERROR;
				GCC_WARN_UNDECLARED_SELECTOR = YES;
				GCC_WARN_UNINITIALIZED_AUTOS = YES_AGGRESSIVE;
				GCC_WARN_UNUSED_FUNCTION = YES;
				GCC_WARN_UNUSED_VARIABLE = YES;
				IPHONEOS_DEPLOYMENT_TARGET = 9.1;
				MTL_ENABLE_DEBUG_INFO = NO;
				SDKROOT = iphoneos;
				TARGETED_DEVICE_FAMILY = "1,2";
				VALIDATE_PRODUCT = YES;
			};
			name = Release;
		};
		2EC21E701C34734C008E6731 /* Debug */ = {
			isa = XCBuildConfiguration;
			baseConfigurationReference = B2E8FC20332014A05AD9A93C /* Pods.debug.xcconfig */;
			buildSettings = {
				ASSETCATALOG_COMPILER_APPICON_NAME = AppIcon;
				CODE_SIGN_IDENTITY = "iPhone Developer";
				"CODE_SIGN_IDENTITY[sdk=iphoneos*]" = "iPhone Distribution: David Hakanson (2JTZ7Z23H6)";
				INFOPLIST_FILE = Colour/Info.plist;
				LD_RUNPATH_SEARCH_PATHS = "$(inherited) @executable_path/Frameworks";
				PRODUCT_BUNDLE_IDENTIFIER = "co.schedule4.colour-swap";
				PRODUCT_NAME = "Colour Swap";
				PROVISIONING_PROFILE = "";
			};
			name = Debug;
		};
		2EC21E711C34734C008E6731 /* Release */ = {
			isa = XCBuildConfiguration;
			baseConfigurationReference = CEE2BB36476FD63CB1CE13B1 /* Pods.release.xcconfig */;
			buildSettings = {
				ASSETCATALOG_COMPILER_APPICON_NAME = AppIcon;
				CODE_SIGN_IDENTITY = "iPhone Developer";
				"CODE_SIGN_IDENTITY[sdk=iphoneos*]" = "iPhone Distribution: David Hakanson (2JTZ7Z23H6)";
				INFOPLIST_FILE = Colour/Info.plist;
				LD_RUNPATH_SEARCH_PATHS = "$(inherited) @executable_path/Frameworks";
				PRODUCT_BUNDLE_IDENTIFIER = "co.schedule4.colour-swap";
				PRODUCT_NAME = "Colour Swap";
				PROVISIONING_PROFILE = "";
			};
			name = Release;
		};
/* End XCBuildConfiguration section */

/* Begin XCConfigurationList section */
		2EC21E581C34734C008E6731 /* Build configuration list for PBXProject "Colour Swap" */ = {
			isa = XCConfigurationList;
			buildConfigurations = (
				2EC21E6D1C34734C008E6731 /* Debug */,
				2EC21E6E1C34734C008E6731 /* Release */,
			);
			defaultConfigurationIsVisible = 0;
			defaultConfigurationName = Release;
		};
		2EC21E6F1C34734C008E6731 /* Build configuration list for PBXNativeTarget "Colour Swap" */ = {
			isa = XCConfigurationList;
			buildConfigurations = (
				2EC21E701C34734C008E6731 /* Debug */,
				2EC21E711C34734C008E6731 /* Release */,
			);
			defaultConfigurationIsVisible = 0;
			defaultConfigurationName = Release;
		};
/* End XCConfigurationList section */
	};
	rootObject = 2EC21E551C34734C008E6731 /* Project object */;
}
