// !$*UTF8*$!
{
	archiveVersion = 1;
	classes = {
	};
	objectVersion = 46;
	objects = {

/* Begin PBXBuildFile section */
		2EA981791DA1711800D5B8F2 /* AppDelegate.swift in Sources */ = {isa = PBXBuildFile; fileRef = 2EA981781DA1711800D5B8F2 /* AppDelegate.swift */; };
		2EA9817B1DA1711800D5B8F2 /* ViewController.swift in Sources */ = {isa = PBXBuildFile; fileRef = 2EA9817A1DA1711800D5B8F2 /* ViewController.swift */; };
		2EA9817E1DA1711800D5B8F2 /* Main.storyboard in Resources */ = {isa = PBXBuildFile; fileRef = 2EA9817C1DA1711800D5B8F2 /* Main.storyboard */; };
		2EA981801DA1711800D5B8F2 /* Assets.xcassets in Resources */ = {isa = PBXBuildFile; fileRef = 2EA9817F1DA1711800D5B8F2 /* Assets.xcassets */; };
		2EA981831DA1711800D5B8F2 /* LaunchScreen.storyboard in Resources */ = {isa = PBXBuildFile; fileRef = 2EA981811DA1711800D5B8F2 /* LaunchScreen.storyboard */; };
		2EA9818E1DA1711800D5B8F2 /* Game_Of_LifeTests.swift in Sources */ = {isa = PBXBuildFile; fileRef = 2EA9818D1DA1711800D5B8F2 /* Game_Of_LifeTests.swift */; };
		2EA981991DA1721900D5B8F2 /* State.swift in Sources */ = {isa = PBXBuildFile; fileRef = 2EA981981DA1721900D5B8F2 /* State.swift */; };
		2EA9819B1DA172CB00D5B8F2 /* Cell.swift in Sources */ = {isa = PBXBuildFile; fileRef = 2EA9819A1DA172CB00D5B8F2 /* Cell.swift */; };
		2EA9819D1DA1733C00D5B8F2 /* Life.swift in Sources */ = {isa = PBXBuildFile; fileRef = 2EA9819C1DA1733C00D5B8F2 /* Life.swift */; };
		2EA9819F1DA1741500D5B8F2 /* GameBoard.swift in Sources */ = {isa = PBXBuildFile; fileRef = 2EA9819E1DA1741500D5B8F2 /* GameBoard.swift */; };
/* End PBXBuildFile section */

/* Begin PBXContainerItemProxy section */
		2EA9818A1DA1711800D5B8F2 /* PBXContainerItemProxy */ = {
			isa = PBXContainerItemProxy;
			containerPortal = 2EA9816D1DA1711800D5B8F2 /* Project object */;
			proxyType = 1;
			remoteGlobalIDString = 2EA981741DA1711800D5B8F2;
			remoteInfo = "Game Of Life";
		};
/* End PBXContainerItemProxy section */

/* Begin PBXFileReference section */
		2EA981751DA1711800D5B8F2 /* Game Of Life.app */ = {isa = PBXFileReference; explicitFileType = wrapper.application; includeInIndex = 0; path = "Game Of Life.app"; sourceTree = BUILT_PRODUCTS_DIR; };
		2EA981781DA1711800D5B8F2 /* AppDelegate.swift */ = {isa = PBXFileReference; lastKnownFileType = sourcecode.swift; path = AppDelegate.swift; sourceTree = "<group>"; };
		2EA9817A1DA1711800D5B8F2 /* ViewController.swift */ = {isa = PBXFileReference; lastKnownFileType = sourcecode.swift; path = ViewController.swift; sourceTree = "<group>"; };
		2EA9817D1DA1711800D5B8F2 /* Base */ = {isa = PBXFileReference; lastKnownFileType = file.storyboard; name = Base; path = Base.lproj/Main.storyboard; sourceTree = "<group>"; };
		2EA9817F1DA1711800D5B8F2 /* Assets.xcassets */ = {isa = PBXFileReference; lastKnownFileType = folder.assetcatalog; path = Assets.xcassets; sourceTree = "<group>"; };
		2EA981821DA1711800D5B8F2 /* Base */ = {isa = PBXFileReference; lastKnownFileType = file.storyboard; name = Base; path = Base.lproj/LaunchScreen.storyboard; sourceTree = "<group>"; };
		2EA981841DA1711800D5B8F2 /* Info.plist */ = {isa = PBXFileReference; lastKnownFileType = text.plist.xml; path = Info.plist; sourceTree = "<group>"; };
		2EA981891DA1711800D5B8F2 /* Game Of LifeTests.xctest */ = {isa = PBXFileReference; explicitFileType = wrapper.cfbundle; includeInIndex = 0; path = "Game Of LifeTests.xctest"; sourceTree = BUILT_PRODUCTS_DIR; };
		2EA9818D1DA1711800D5B8F2 /* Game_Of_LifeTests.swift */ = {isa = PBXFileReference; lastKnownFileType = sourcecode.swift; path = Game_Of_LifeTests.swift; sourceTree = "<group>"; };
		2EA9818F1DA1711800D5B8F2 /* Info.plist */ = {isa = PBXFileReference; lastKnownFileType = text.plist.xml; path = Info.plist; sourceTree = "<group>"; };
		2EA981981DA1721900D5B8F2 /* State.swift */ = {isa = PBXFileReference; fileEncoding = 4; lastKnownFileType = sourcecode.swift; path = State.swift; sourceTree = "<group>"; };
		2EA9819A1DA172CB00D5B8F2 /* Cell.swift */ = {isa = PBXFileReference; fileEncoding = 4; lastKnownFileType = sourcecode.swift; path = Cell.swift; sourceTree = "<group>"; };
		2EA9819C1DA1733C00D5B8F2 /* Life.swift */ = {isa = PBXFileReference; fileEncoding = 4; lastKnownFileType = sourcecode.swift; path = Life.swift; sourceTree = "<group>"; };
		2EA9819E1DA1741500D5B8F2 /* GameBoard.swift */ = {isa = PBXFileReference; fileEncoding = 4; lastKnownFileType = sourcecode.swift; path = GameBoard.swift; sourceTree = "<group>"; };
/* End PBXFileReference section */

/* Begin PBXFrameworksBuildPhase section */
		2EA981721DA1711800D5B8F2 /* Frameworks */ = {
			isa = PBXFrameworksBuildPhase;
			buildActionMask = 2147483647;
			files = (
			);
			runOnlyForDeploymentPostprocessing = 0;
		};
		2EA981861DA1711800D5B8F2 /* Frameworks */ = {
			isa = PBXFrameworksBuildPhase;
			buildActionMask = 2147483647;
			files = (
			);
			runOnlyForDeploymentPostprocessing = 0;
		};
/* End PBXFrameworksBuildPhase section */

/* Begin PBXGroup section */
		2EA9816C1DA1711800D5B8F2 = {
			isa = PBXGroup;
			children = (
				2EA981981DA1721900D5B8F2 /* State.swift */,
				2EA9819A1DA172CB00D5B8F2 /* Cell.swift */,
				2EA9819C1DA1733C00D5B8F2 /* Life.swift */,
				2EA9819E1DA1741500D5B8F2 /* GameBoard.swift */,
				2EA981771DA1711800D5B8F2 /* Game Of Life */,
				2EA9818C1DA1711800D5B8F2 /* Game Of LifeTests */,
				2EA981761DA1711800D5B8F2 /* Products */,
			);
			sourceTree = "<group>";
		};
		2EA981761DA1711800D5B8F2 /* Products */ = {
			isa = PBXGroup;
			children = (
				2EA981751DA1711800D5B8F2 /* Game Of Life.app */,
				2EA981891DA1711800D5B8F2 /* Game Of LifeTests.xctest */,
			);
			name = Products;
			sourceTree = "<group>";
		};
		2EA981771DA1711800D5B8F2 /* Game Of Life */ = {
			isa = PBXGroup;
			children = (
				2EA981781DA1711800D5B8F2 /* AppDelegate.swift */,
				2EA9817A1DA1711800D5B8F2 /* ViewController.swift */,
				2EA9817C1DA1711800D5B8F2 /* Main.storyboard */,
				2EA9817F1DA1711800D5B8F2 /* Assets.xcassets */,
				2EA981811DA1711800D5B8F2 /* LaunchScreen.storyboard */,
				2EA981841DA1711800D5B8F2 /* Info.plist */,
			);
			path = "Game Of Life";
			sourceTree = "<group>";
		};
		2EA9818C1DA1711800D5B8F2 /* Game Of LifeTests */ = {
			isa = PBXGroup;
			children = (
				2EA9818D1DA1711800D5B8F2 /* Game_Of_LifeTests.swift */,
				2EA9818F1DA1711800D5B8F2 /* Info.plist */,
			);
			path = "Game Of LifeTests";
			sourceTree = "<group>";
		};
/* End PBXGroup section */

/* Begin PBXNativeTarget section */
		2EA981741DA1711800D5B8F2 /* Game Of Life */ = {
			isa = PBXNativeTarget;
			buildConfigurationList = 2EA981921DA1711800D5B8F2 /* Build configuration list for PBXNativeTarget "Game Of Life" */;
			buildPhases = (
				2EA981711DA1711800D5B8F2 /* Sources */,
				2EA981721DA1711800D5B8F2 /* Frameworks */,
				2EA981731DA1711800D5B8F2 /* Resources */,
			);
			buildRules = (
			);
			dependencies = (
			);
			name = "Game Of Life";
			productName = "Game Of Life";
			productReference = 2EA981751DA1711800D5B8F2 /* Game Of Life.app */;
			productType = "com.apple.product-type.application";
		};
		2EA981881DA1711800D5B8F2 /* Game Of LifeTests */ = {
			isa = PBXNativeTarget;
			buildConfigurationList = 2EA981951DA1711800D5B8F2 /* Build configuration list for PBXNativeTarget "Game Of LifeTests" */;
			buildPhases = (
				2EA981851DA1711800D5B8F2 /* Sources */,
				2EA981861DA1711800D5B8F2 /* Frameworks */,
				2EA981871DA1711800D5B8F2 /* Resources */,
			);
			buildRules = (
			);
			dependencies = (
				2EA9818B1DA1711800D5B8F2 /* PBXTargetDependency */,
			);
			name = "Game Of LifeTests";
			productName = "Game Of LifeTests";
			productReference = 2EA981891DA1711800D5B8F2 /* Game Of LifeTests.xctest */;
			productType = "com.apple.product-type.bundle.unit-test";
		};
/* End PBXNativeTarget section */

/* Begin PBXProject section */
		2EA9816D1DA1711800D5B8F2 /* Project object */ = {
			isa = PBXProject;
			attributes = {
				LastSwiftUpdateCheck = 0800;
				LastUpgradeCheck = 0800;
				ORGANIZATIONNAME = "David Hakanson";
				TargetAttributes = {
					2EA981741DA1711800D5B8F2 = {
						CreatedOnToolsVersion = 8.0;
						ProvisioningStyle = Automatic;
					};
					2EA981881DA1711800D5B8F2 = {
						CreatedOnToolsVersion = 8.0;
						ProvisioningStyle = Automatic;
						TestTargetID = 2EA981741DA1711800D5B8F2;
					};
				};
			};
			buildConfigurationList = 2EA981701DA1711800D5B8F2 /* Build configuration list for PBXProject "Game Of Life" */;
			compatibilityVersion = "Xcode 3.2";
			developmentRegion = English;
			hasScannedForEncodings = 0;
			knownRegions = (
				en,
				Base,
			);
			mainGroup = 2EA9816C1DA1711800D5B8F2;
			productRefGroup = 2EA981761DA1711800D5B8F2 /* Products */;
			projectDirPath = "";
			projectRoot = "";
			targets = (
				2EA981741DA1711800D5B8F2 /* Game Of Life */,
				2EA981881DA1711800D5B8F2 /* Game Of LifeTests */,
			);
		};
/* End PBXProject section */

/* Begin PBXResourcesBuildPhase section */
		2EA981731DA1711800D5B8F2 /* Resources */ = {
			isa = PBXResourcesBuildPhase;
			buildActionMask = 2147483647;
			files = (
				2EA981831DA1711800D5B8F2 /* LaunchScreen.storyboard in Resources */,
				2EA981801DA1711800D5B8F2 /* Assets.xcassets in Resources */,
				2EA9817E1DA1711800D5B8F2 /* Main.storyboard in Resources */,
			);
			runOnlyForDeploymentPostprocessing = 0;
		};
		2EA981871DA1711800D5B8F2 /* Resources */ = {
			isa = PBXResourcesBuildPhase;
			buildActionMask = 2147483647;
			files = (
			);
			runOnlyForDeploymentPostprocessing = 0;
		};
/* End PBXResourcesBuildPhase section */

/* Begin PBXSourcesBuildPhase section */
		2EA981711DA1711800D5B8F2 /* Sources */ = {
			isa = PBXSourcesBuildPhase;
			buildActionMask = 2147483647;
			files = (
				2EA9817B1DA1711800D5B8F2 /* ViewController.swift in Sources */,
				2EA9819B1DA172CB00D5B8F2 /* Cell.swift in Sources */,
				2EA981791DA1711800D5B8F2 /* AppDelegate.swift in Sources */,
				2EA981991DA1721900D5B8F2 /* State.swift in Sources */,
				2EA9819F1DA1741500D5B8F2 /* GameBoard.swift in Sources */,
				2EA9819D1DA1733C00D5B8F2 /* Life.swift in Sources */,
			);
			runOnlyForDeploymentPostprocessing = 0;
		};
		2EA981851DA1711800D5B8F2 /* Sources */ = {
			isa = PBXSourcesBuildPhase;
			buildActionMask = 2147483647;
			files = (
				2EA9818E1DA1711800D5B8F2 /* Game_Of_LifeTests.swift in Sources */,
			);
			runOnlyForDeploymentPostprocessing = 0;
		};
/* End PBXSourcesBuildPhase section */

/* Begin PBXTargetDependency section */
		2EA9818B1DA1711800D5B8F2 /* PBXTargetDependency */ = {
			isa = PBXTargetDependency;
			target = 2EA981741DA1711800D5B8F2 /* Game Of Life */;
			targetProxy = 2EA9818A1DA1711800D5B8F2 /* PBXContainerItemProxy */;
		};
/* End PBXTargetDependency section */

/* Begin PBXVariantGroup section */
		2EA9817C1DA1711800D5B8F2 /* Main.storyboard */ = {
			isa = PBXVariantGroup;
			children = (
				2EA9817D1DA1711800D5B8F2 /* Base */,
			);
			name = Main.storyboard;
			sourceTree = "<group>";
		};
		2EA981811DA1711800D5B8F2 /* LaunchScreen.storyboard */ = {
			isa = PBXVariantGroup;
			children = (
				2EA981821DA1711800D5B8F2 /* Base */,
			);
			name = LaunchScreen.storyboard;
			sourceTree = "<group>";
		};
/* End PBXVariantGroup section */

/* Begin XCBuildConfiguration section */
		2EA981901DA1711800D5B8F2 /* Debug */ = {
			isa = XCBuildConfiguration;
			buildSettings = {
				ALWAYS_SEARCH_USER_PATHS = NO;
				CLANG_ANALYZER_NONNULL = YES;
				CLANG_CXX_LANGUAGE_STANDARD = "gnu++0x";
				CLANG_CXX_LIBRARY = "libc++";
				CLANG_ENABLE_MODULES = YES;
				CLANG_ENABLE_OBJC_ARC = YES;
				CLANG_WARN_BOOL_CONVERSION = YES;
				CLANG_WARN_CONSTANT_CONVERSION = YES;
				CLANG_WARN_DIRECT_OBJC_ISA_USAGE = YES_ERROR;
				CLANG_WARN_DOCUMENTATION_COMMENTS = YES;
				CLANG_WARN_EMPTY_BODY = YES;
				CLANG_WARN_ENUM_CONVERSION = YES;
				CLANG_WARN_INFINITE_RECURSION = YES;
				CLANG_WARN_INT_CONVERSION = YES;
				CLANG_WARN_OBJC_ROOT_CLASS = YES_ERROR;
				CLANG_WARN_SUSPICIOUS_MOVES = YES;
				CLANG_WARN_UNREACHABLE_CODE = YES;
				CLANG_WARN__DUPLICATE_METHOD_MATCH = YES;
				"CODE_SIGN_IDENTITY[sdk=iphoneos*]" = "iPhone Developer";
				COPY_PHASE_STRIP = NO;
				DEBUG_INFORMATION_FORMAT = dwarf;
				ENABLE_STRICT_OBJC_MSGSEND = YES;
				ENABLE_TESTABILITY = YES;
				GCC_C_LANGUAGE_STANDARD = gnu99;
				GCC_DYNAMIC_NO_PIC = NO;
				GCC_NO_COMMON_BLOCKS = YES;
				GCC_OPTIMIZATION_LEVEL = 0;
				GCC_PREPROCESSOR_DEFINITIONS = (
					"DEBUG=1",
					"$(inherited)",
				);
				GCC_WARN_64_TO_32_BIT_CONVERSION = YES;
				GCC_WARN_ABOUT_RETURN_TYPE = YES_ERROR;
				GCC_WARN_UNDECLARED_SELECTOR = YES;
				GCC_WARN_UNINITIALIZED_AUTOS = YES_AGGRESSIVE;
				GCC_WARN_UNUSED_FUNCTION = YES;
				GCC_WARN_UNUSED_VARIABLE = YES;
				IPHONEOS_DEPLOYMENT_TARGET = 10.0;
				MTL_ENABLE_DEBUG_INFO = YES;
				ONLY_ACTIVE_ARCH = YES;
				SDKROOT = iphoneos;
				SWIFT_ACTIVE_COMPILATION_CONDITIONS = DEBUG;
				SWIFT_OPTIMIZATION_LEVEL = "-Onone";
				TARGETED_DEVICE_FAMILY = "1,2";
			};
			name = Debug;
		};
		2EA981911DA1711800D5B8F2 /* Release */ = {
			isa = XCBuildConfiguration;
			buildSettings = {
				ALWAYS_SEARCH_USER_PATHS = NO;
				CLANG_ANALYZER_NONNULL = YES;
				CLANG_CXX_LANGUAGE_STANDARD = "gnu++0x";
				CLANG_CXX_LIBRARY = "libc++";
				CLANG_ENABLE_MODULES = YES;
				CLANG_ENABLE_OBJC_ARC = YES;
				CLANG_WARN_BOOL_CONVERSION = YES;
				CLANG_WARN_CONSTANT_CONVERSION = YES;
				CLANG_WARN_DIRECT_OBJC_ISA_USAGE = YES_ERROR;
				CLANG_WARN_DOCUMENTATION_COMMENTS = YES;
				CLANG_WARN_EMPTY_BODY = YES;
				CLANG_WARN_ENUM_CONVERSION = YES;
				CLANG_WARN_INFINITE_RECURSION = YES;
				CLANG_WARN_INT_CONVERSION = YES;
				CLANG_WARN_OBJC_ROOT_CLASS = YES_ERROR;
				CLANG_WARN_SUSPICIOUS_MOVES = YES;
				CLANG_WARN_UNREACHABLE_CODE = YES;
				CLANG_WARN__DUPLICATE_METHOD_MATCH = YES;
				"CODE_SIGN_IDENTITY[sdk=iphoneos*]" = "iPhone Developer";
				COPY_PHASE_STRIP = NO;
				DEBUG_INFORMATION_FORMAT = "dwarf-with-dsym";
				ENABLE_NS_ASSERTIONS = NO;
				ENABLE_STRICT_OBJC_MSGSEND = YES;
				GCC_C_LANGUAGE_STANDARD = gnu99;
				GCC_NO_COMMON_BLOCKS = YES;
				GCC_WARN_64_TO_32_BIT_CONVERSION = YES;
				GCC_WARN_ABOUT_RETURN_TYPE = YES_ERROR;
				GCC_WARN_UNDECLARED_SELECTOR = YES;
				GCC_WARN_UNINITIALIZED_AUTOS = YES_AGGRESSIVE;
				GCC_WARN_UNUSED_FUNCTION = YES;
				GCC_WARN_UNUSED_VARIABLE = YES;
				IPHONEOS_DEPLOYMENT_TARGET = 10.0;
				MTL_ENABLE_DEBUG_INFO = NO;
				SDKROOT = iphoneos;
				SWIFT_OPTIMIZATION_LEVEL = "-Owholemodule";
				TARGETED_DEVICE_FAMILY = "1,2";
				VALIDATE_PRODUCT = YES;
			};
			name = Release;
		};
		2EA981931DA1711800D5B8F2 /* Debug */ = {
			isa = XCBuildConfiguration;
			buildSettings = {
				ASSETCATALOG_COMPILER_APPICON_NAME = AppIcon;
				INFOPLIST_FILE = "Game Of Life/Info.plist";
				LD_RUNPATH_SEARCH_PATHS = "$(inherited) @executable_path/Frameworks";
				PRODUCT_BUNDLE_IDENTIFIER = "co.t1no.Game-Of-Life";
				PRODUCT_NAME = "$(TARGET_NAME)";
				SWIFT_VERSION = 3.0;
			};
			name = Debug;
		};
		2EA981941DA1711800D5B8F2 /* Release */ = {
			isa = XCBuildConfiguration;
			buildSettings = {
				ASSETCATALOG_COMPILER_APPICON_NAME = AppIcon;
				INFOPLIST_FILE = "Game Of Life/Info.plist";
				LD_RUNPATH_SEARCH_PATHS = "$(inherited) @executable_path/Frameworks";
				PRODUCT_BUNDLE_IDENTIFIER = "co.t1no.Game-Of-Life";
				PRODUCT_NAME = "$(TARGET_NAME)";
				SWIFT_VERSION = 3.0;
			};
			name = Release;
		};
		2EA981961DA1711800D5B8F2 /* Debug */ = {
			isa = XCBuildConfiguration;
			buildSettings = {
				ALWAYS_EMBED_SWIFT_STANDARD_LIBRARIES = YES;
				BUNDLE_LOADER = "$(TEST_HOST)";
				INFOPLIST_FILE = "Game Of LifeTests/Info.plist";
				LD_RUNPATH_SEARCH_PATHS = "$(inherited) @executable_path/Frameworks @loader_path/Frameworks";
				PRODUCT_BUNDLE_IDENTIFIER = "co.t1no.Game-Of-LifeTests";
				PRODUCT_NAME = "$(TARGET_NAME)";
				SWIFT_VERSION = 3.0;
				TEST_HOST = "$(BUILT_PRODUCTS_DIR)/Game Of Life.app/Game Of Life";
			};
			name = Debug;
		};
		2EA981971DA1711800D5B8F2 /* Release */ = {
			isa = XCBuildConfiguration;
			buildSettings = {
				ALWAYS_EMBED_SWIFT_STANDARD_LIBRARIES = YES;
				BUNDLE_LOADER = "$(TEST_HOST)";
				INFOPLIST_FILE = "Game Of LifeTests/Info.plist";
				LD_RUNPATH_SEARCH_PATHS = "$(inherited) @executable_path/Frameworks @loader_path/Frameworks";
				PRODUCT_BUNDLE_IDENTIFIER = "co.t1no.Game-Of-LifeTests";
				PRODUCT_NAME = "$(TARGET_NAME)";
				SWIFT_VERSION = 3.0;
				TEST_HOST = "$(BUILT_PRODUCTS_DIR)/Game Of Life.app/Game Of Life";
			};
			name = Release;
		};
/* End XCBuildConfiguration section */

/* Begin XCConfigurationList section */
		2EA981701DA1711800D5B8F2 /* Build configuration list for PBXProject "Game Of Life" */ = {
			isa = XCConfigurationList;
			buildConfigurations = (
				2EA981901DA1711800D5B8F2 /* Debug */,
				2EA981911DA1711800D5B8F2 /* Release */,
			);
			defaultConfigurationIsVisible = 0;
			defaultConfigurationName = Release;
		};
		2EA981921DA1711800D5B8F2 /* Build configuration list for PBXNativeTarget "Game Of Life" */ = {
			isa = XCConfigurationList;
			buildConfigurations = (
				2EA981931DA1711800D5B8F2 /* Debug */,
				2EA981941DA1711800D5B8F2 /* Release */,
			);
			defaultConfigurationIsVisible = 0;
		};
		2EA981951DA1711800D5B8F2 /* Build configuration list for PBXNativeTarget "Game Of LifeTests" */ = {
			isa = XCConfigurationList;
			buildConfigurations = (
				2EA981961DA1711800D5B8F2 /* Debug */,
				2EA981971DA1711800D5B8F2 /* Release */,
			);
			defaultConfigurationIsVisible = 0;
		};
/* End XCConfigurationList section */
	};
	rootObject = 2EA9816D1DA1711800D5B8F2 /* Project object */;
}
