// !$*UTF8*$!
{
	archiveVersion = 1;
	classes = {
	};
	objectVersion = 46;
	objects = {

/* Begin PBXBuildFile section */
		2E1F66621C38D0FA001CC0BD /* AppDelegate.swift in Sources */ = {isa = PBXBuildFile; fileRef = 2E1F66611C38D0FA001CC0BD /* AppDelegate.swift */; };
		2E1F66641C38D0FA001CC0BD /* ViewController.swift in Sources */ = {isa = PBXBuildFile; fileRef = 2E1F66631C38D0FA001CC0BD /* ViewController.swift */; };
		2E1F66671C38D0FA001CC0BD /* Main.storyboard in Resources */ = {isa = PBXBuildFile; fileRef = 2E1F66651C38D0FA001CC0BD /* Main.storyboard */; };
		2E1F666A1C38D0FA001CC0BD /* Core_Data_Demo.xcdatamodeld in Sources */ = {isa = PBXBuildFile; fileRef = 2E1F66681C38D0FA001CC0BD /* Core_Data_Demo.xcdatamodeld */; };
		2E1F666C1C38D0FA001CC0BD /* Assets.xcassets in Resources */ = {isa = PBXBuildFile; fileRef = 2E1F666B1C38D0FA001CC0BD /* Assets.xcassets */; };
		2E1F666F1C38D0FA001CC0BD /* LaunchScreen.storyboard in Resources */ = {isa = PBXBuildFile; fileRef = 2E1F666D1C38D0FA001CC0BD /* LaunchScreen.storyboard */; };
/* End PBXBuildFile section */

/* Begin PBXFileReference section */
		2E1F665E1C38D0FA001CC0BD /* Core Data Demo.app */ = {isa = PBXFileReference; explicitFileType = wrapper.application; includeInIndex = 0; path = "Core Data Demo.app"; sourceTree = BUILT_PRODUCTS_DIR; };
		2E1F66611C38D0FA001CC0BD /* AppDelegate.swift */ = {isa = PBXFileReference; lastKnownFileType = sourcecode.swift; path = AppDelegate.swift; sourceTree = "<group>"; };
		2E1F66631C38D0FA001CC0BD /* ViewController.swift */ = {isa = PBXFileReference; lastKnownFileType = sourcecode.swift; path = ViewController.swift; sourceTree = "<group>"; };
		2E1F66661C38D0FA001CC0BD /* Base */ = {isa = PBXFileReference; lastKnownFileType = file.storyboard; name = Base; path = Base.lproj/Main.storyboard; sourceTree = "<group>"; };
		2E1F66691C38D0FA001CC0BD /* Core_Data_Demo.xcdatamodel */ = {isa = PBXFileReference; lastKnownFileType = wrapper.xcdatamodel; path = Core_Data_Demo.xcdatamodel; sourceTree = "<group>"; };
		2E1F666B1C38D0FA001CC0BD /* Assets.xcassets */ = {isa = PBXFileReference; lastKnownFileType = folder.assetcatalog; path = Assets.xcassets; sourceTree = "<group>"; };
		2E1F666E1C38D0FA001CC0BD /* Base */ = {isa = PBXFileReference; lastKnownFileType = file.storyboard; name = Base; path = Base.lproj/LaunchScreen.storyboard; sourceTree = "<group>"; };
		2E1F66701C38D0FA001CC0BD /* Info.plist */ = {isa = PBXFileReference; lastKnownFileType = text.plist.xml; path = Info.plist; sourceTree = "<group>"; };
/* End PBXFileReference section */

/* Begin PBXFrameworksBuildPhase section */
		2E1F665B1C38D0FA001CC0BD /* Frameworks */ = {
			isa = PBXFrameworksBuildPhase;
			buildActionMask = 2147483647;
			files = (
			);
			runOnlyForDeploymentPostprocessing = 0;
		};
/* End PBXFrameworksBuildPhase section */

/* Begin PBXGroup section */
		2E1F66551C38D0FA001CC0BD = {
			isa = PBXGroup;
			children = (
				2E1F66601C38D0FA001CC0BD /* Core Data Demo */,
				2E1F665F1C38D0FA001CC0BD /* Products */,
			);
			sourceTree = "<group>";
		};
		2E1F665F1C38D0FA001CC0BD /* Products */ = {
			isa = PBXGroup;
			children = (
				2E1F665E1C38D0FA001CC0BD /* Core Data Demo.app */,
			);
			name = Products;
			sourceTree = "<group>";
		};
		2E1F66601C38D0FA001CC0BD /* Core Data Demo */ = {
			isa = PBXGroup;
			children = (
				2E1F66611C38D0FA001CC0BD /* AppDelegate.swift */,
				2E1F66631C38D0FA001CC0BD /* ViewController.swift */,
				2E1F66651C38D0FA001CC0BD /* Main.storyboard */,
				2E1F666B1C38D0FA001CC0BD /* Assets.xcassets */,
				2E1F666D1C38D0FA001CC0BD /* LaunchScreen.storyboard */,
				2E1F66701C38D0FA001CC0BD /* Info.plist */,
				2E1F66681C38D0FA001CC0BD /* Core_Data_Demo.xcdatamodeld */,
			);
			path = "Core Data Demo";
			sourceTree = "<group>";
		};
/* End PBXGroup section */

/* Begin PBXNativeTarget section */
		2E1F665D1C38D0FA001CC0BD /* Core Data Demo */ = {
			isa = PBXNativeTarget;
			buildConfigurationList = 2E1F66731C38D0FA001CC0BD /* Build configuration list for PBXNativeTarget "Core Data Demo" */;
			buildPhases = (
				2E1F665A1C38D0FA001CC0BD /* Sources */,
				2E1F665B1C38D0FA001CC0BD /* Frameworks */,
				2E1F665C1C38D0FA001CC0BD /* Resources */,
			);
			buildRules = (
			);
			dependencies = (
			);
			name = "Core Data Demo";
			productName = "Core Data Demo";
			productReference = 2E1F665E1C38D0FA001CC0BD /* Core Data Demo.app */;
			productType = "com.apple.product-type.application";
		};
/* End PBXNativeTarget section */

/* Begin PBXProject section */
		2E1F66561C38D0FA001CC0BD /* Project object */ = {
			isa = PBXProject;
			attributes = {
				LastSwiftUpdateCheck = 0720;
				LastUpgradeCheck = 0720;
				ORGANIZATIONNAME = "David Hakanson";
				TargetAttributes = {
					2E1F665D1C38D0FA001CC0BD = {
						CreatedOnToolsVersion = 7.2;
						DevelopmentTeam = 95BMCWPY45;
					};
				};
			};
			buildConfigurationList = 2E1F66591C38D0FA001CC0BD /* Build configuration list for PBXProject "Core Data Demo" */;
			compatibilityVersion = "Xcode 3.2";
			developmentRegion = English;
			hasScannedForEncodings = 0;
			knownRegions = (
				en,
				Base,
			);
			mainGroup = 2E1F66551C38D0FA001CC0BD;
			productRefGroup = 2E1F665F1C38D0FA001CC0BD /* Products */;
			projectDirPath = "";
			projectRoot = "";
			targets = (
				2E1F665D1C38D0FA001CC0BD /* Core Data Demo */,
			);
		};
/* End PBXProject section */

/* Begin PBXResourcesBuildPhase section */
		2E1F665C1C38D0FA001CC0BD /* Resources */ = {
			isa = PBXResourcesBuildPhase;
			buildActionMask = 2147483647;
			files = (
				2E1F666F1C38D0FA001CC0BD /* LaunchScreen.storyboard in Resources */,
				2E1F666C1C38D0FA001CC0BD /* Assets.xcassets in Resources */,
				2E1F66671C38D0FA001CC0BD /* Main.storyboard in Resources */,
			);
			runOnlyForDeploymentPostprocessing = 0;
		};
/* End PBXResourcesBuildPhase section */

/* Begin PBXSourcesBuildPhase section */
		2E1F665A1C38D0FA001CC0BD /* Sources */ = {
			isa = PBXSourcesBuildPhase;
			buildActionMask = 2147483647;
			files = (
				2E1F66641C38D0FA001CC0BD /* ViewController.swift in Sources */,
				2E1F666A1C38D0FA001CC0BD /* Core_Data_Demo.xcdatamodeld in Sources */,
				2E1F66621C38D0FA001CC0BD /* AppDelegate.swift in Sources */,
			);
			runOnlyForDeploymentPostprocessing = 0;
		};
/* End PBXSourcesBuildPhase section */

/* Begin PBXVariantGroup section */
		2E1F66651C38D0FA001CC0BD /* Main.storyboard */ = {
			isa = PBXVariantGroup;
			children = (
				2E1F66661C38D0FA001CC0BD /* Base */,
			);
			name = Main.storyboard;
			sourceTree = "<group>";
		};
		2E1F666D1C38D0FA001CC0BD /* LaunchScreen.storyboard */ = {
			isa = PBXVariantGroup;
			children = (
				2E1F666E1C38D0FA001CC0BD /* Base */,
			);
			name = LaunchScreen.storyboard;
			sourceTree = "<group>";
		};
/* End PBXVariantGroup section */

/* Begin XCBuildConfiguration section */
		2E1F66711C38D0FA001CC0BD /* Debug */ = {
			isa = XCBuildConfiguration;
			buildSettings = {
				ALWAYS_SEARCH_USER_PATHS = NO;
				CLANG_CXX_LANGUAGE_STANDARD = "gnu++0x";
				CLANG_CXX_LIBRARY = "libc++";
				CLANG_ENABLE_MODULES = YES;
				CLANG_ENABLE_OBJC_ARC = YES;
				CLANG_WARN_BOOL_CONVERSION = YES;
				CLANG_WARN_CONSTANT_CONVERSION = YES;
				CLANG_WARN_DIRECT_OBJC_ISA_USAGE = YES_ERROR;
				CLANG_WARN_EMPTY_BODY = YES;
				CLANG_WARN_ENUM_CONVERSION = YES;
				CLANG_WARN_INT_CONVERSION = YES;
				CLANG_WARN_OBJC_ROOT_CLASS = YES_ERROR;
				CLANG_WARN_UNREACHABLE_CODE = YES;
				CLANG_WARN__DUPLICATE_METHOD_MATCH = YES;
				"CODE_SIGN_IDENTITY[sdk=iphoneos*]" = "iPhone Developer";
				COPY_PHASE_STRIP = NO;
				DEBUG_INFORMATION_FORMAT = dwarf;
				ENABLE_STRICT_OBJC_MSGSEND = YES;
				ENABLE_TESTABILITY = YES;
				GCC_C_LANGUAGE_STANDARD = gnu99;
				GCC_DYNAMIC_NO_PIC = NO;
				GCC_NO_COMMON_BLOCKS = YES;
				GCC_OPTIMIZATION_LEVEL = 0;
				GCC_PREPROCESSOR_DEFINITIONS = (
					"DEBUG=1",
					"$(inherited)",
				);
				GCC_WARN_64_TO_32_BIT_CONVERSION = YES;
				GCC_WARN_ABOUT_RETURN_TYPE = YES_ERROR;
				GCC_WARN_UNDECLARED_SELECTOR = YES;
				GCC_WARN_UNINITIALIZED_AUTOS = YES_AGGRESSIVE;
				GCC_WARN_UNUSED_FUNCTION = YES;
				GCC_WARN_UNUSED_VARIABLE = YES;
				IPHONEOS_DEPLOYMENT_TARGET = 9.2;
				MTL_ENABLE_DEBUG_INFO = YES;
				ONLY_ACTIVE_ARCH = YES;
				SDKROOT = iphoneos;
				SWIFT_OPTIMIZATION_LEVEL = "-Onone";
				TARGETED_DEVICE_FAMILY = "1,2";
			};
			name = Debug;
		};
		2E1F66721C38D0FA001CC0BD /* Release */ = {
			isa = XCBuildConfiguration;
			buildSettings = {
				ALWAYS_SEARCH_USER_PATHS = NO;
				CLANG_CXX_LANGUAGE_STANDARD = "gnu++0x";
				CLANG_CXX_LIBRARY = "libc++";
				CLANG_ENABLE_MODULES = YES;
				CLANG_ENABLE_OBJC_ARC = YES;
				CLANG_WARN_BOOL_CONVERSION = YES;
				CLANG_WARN_CONSTANT_CONVERSION = YES;
				CLANG_WARN_DIRECT_OBJC_ISA_USAGE = YES_ERROR;
				CLANG_WARN_EMPTY_BODY = YES;
				CLANG_WARN_ENUM_CONVERSION = YES;
				CLANG_WARN_INT_CONVERSION = YES;
				CLANG_WARN_OBJC_ROOT_CLASS = YES_ERROR;
				CLANG_WARN_UNREACHABLE_CODE = YES;
				CLANG_WARN__DUPLICATE_METHOD_MATCH = YES;
				"CODE_SIGN_IDENTITY[sdk=iphoneos*]" = "iPhone Developer";
				COPY_PHASE_STRIP = NO;
				DEBUG_INFORMATION_FORMAT = "dwarf-with-dsym";
				ENABLE_NS_ASSERTIONS = NO;
				ENABLE_STRICT_OBJC_MSGSEND = YES;
				GCC_C_LANGUAGE_STANDARD = gnu99;
				GCC_NO_COMMON_BLOCKS = YES;
				GCC_WARN_64_TO_32_BIT_CONVERSION = YES;
				GCC_WARN_ABOUT_RETURN_TYPE = YES_ERROR;
				GCC_WARN_UNDECLARED_SELECTOR = YES;
				GCC_WARN_UNINITIALIZED_AUTOS = YES_AGGRESSIVE;
				GCC_WARN_UNUSED_FUNCTION = YES;
				GCC_WARN_UNUSED_VARIABLE = YES;
				IPHONEOS_DEPLOYMENT_TARGET = 9.2;
				MTL_ENABLE_DEBUG_INFO = NO;
				SDKROOT = iphoneos;
				TARGETED_DEVICE_FAMILY = "1,2";
				VALIDATE_PRODUCT = YES;
			};
			name = Release;
		};
		2E1F66741C38D0FA001CC0BD /* Debug */ = {
			isa = XCBuildConfiguration;
			buildSettings = {
				ASSETCATALOG_COMPILER_APPICON_NAME = AppIcon;
				INFOPLIST_FILE = "Core Data Demo/Info.plist";
				LD_RUNPATH_SEARCH_PATHS = "$(inherited) @executable_path/Frameworks";
				PRODUCT_BUNDLE_IDENTIFIER = "com.schedule4.Core-Data-Demo";
				PRODUCT_NAME = "$(TARGET_NAME)";
			};
			name = Debug;
		};
		2E1F66751C38D0FA001CC0BD /* Release */ = {
			isa = XCBuildConfiguration;
			buildSettings = {
				ASSETCATALOG_COMPILER_APPICON_NAME = AppIcon;
				INFOPLIST_FILE = "Core Data Demo/Info.plist";
				LD_RUNPATH_SEARCH_PATHS = "$(inherited) @executable_path/Frameworks";
				PRODUCT_BUNDLE_IDENTIFIER = "com.schedule4.Core-Data-Demo";
				PRODUCT_NAME = "$(TARGET_NAME)";
			};
			name = Release;
		};
/* End XCBuildConfiguration section */

/* Begin XCConfigurationList section */
		2E1F66591C38D0FA001CC0BD /* Build configuration list for PBXProject "Core Data Demo" */ = {
			isa = XCConfigurationList;
			buildConfigurations = (
				2E1F66711C38D0FA001CC0BD /* Debug */,
				2E1F66721C38D0FA001CC0BD /* Release */,
			);
			defaultConfigurationIsVisible = 0;
			defaultConfigurationName = Release;
		};
		2E1F66731C38D0FA001CC0BD /* Build configuration list for PBXNativeTarget "Core Data Demo" */ = {
			isa = XCConfigurationList;
			buildConfigurations = (
				2E1F66741C38D0FA001CC0BD /* Debug */,
				2E1F66751C38D0FA001CC0BD /* Release */,
			);
			defaultConfigurationIsVisible = 0;
		};
/* End XCConfigurationList section */

/* Begin XCVersionGroup section */
		2E1F66681C38D0FA001CC0BD /* Core_Data_Demo.xcdatamodeld */ = {
			isa = XCVersionGroup;
			children = (
				2E1F66691C38D0FA001CC0BD /* Core_Data_Demo.xcdatamodel */,
			);
			currentVersion = 2E1F66691C38D0FA001CC0BD /* Core_Data_Demo.xcdatamodel */;
			path = Core_Data_Demo.xcdatamodeld;
			sourceTree = "<group>";
			versionGroupType = wrapper.xcdatamodel;
		};
/* End XCVersionGroup section */
	};
	rootObject = 2E1F66561C38D0FA001CC0BD /* Project object */;
}
