// !$*UTF8*$!
{
	archiveVersion = 1;
	classes = {
	};
	objectVersion = 46;
	objects = {

/* Begin PBXBuildFile section */
		2E046E5D1F9BBACC00413E87 /* ColorUtils.swift in Sources */ = {isa = PBXBuildFile; fileRef = 2E046E5C1F9BBACC00413E87 /* ColorUtils.swift */; };
		2E046E5F1F9BC0D400413E87 /* FillBar.swift in Sources */ = {isa = PBXBuildFile; fileRef = 2E046E5E1F9BC0D400413E87 /* FillBar.swift */; };
		2E046E611F9BC0F300413E87 /* FillBar.xib in Resources */ = {isa = PBXBuildFile; fileRef = 2E046E601F9BC0F300413E87 /* FillBar.xib */; };
		2E046E641F9BD3E300413E87 /* PlacesAPI.swift in Sources */ = {isa = PBXBuildFile; fileRef = 2E046E631F9BD3E300413E87 /* PlacesAPI.swift */; };
		2E19FF0E1F9B9F3F0054303C /* AppDelegate.swift in Sources */ = {isa = PBXBuildFile; fileRef = 2E19FF0D1F9B9F3F0054303C /* AppDelegate.swift */; };
		2E19FF101F9B9F3F0054303C /* ViewController.swift in Sources */ = {isa = PBXBuildFile; fileRef = 2E19FF0F1F9B9F3F0054303C /* ViewController.swift */; };
		2E19FF131F9B9F3F0054303C /* Main.storyboard in Resources */ = {isa = PBXBuildFile; fileRef = 2E19FF111F9B9F3F0054303C /* Main.storyboard */; };
		2E19FF151F9B9F3F0054303C /* Assets.xcassets in Resources */ = {isa = PBXBuildFile; fileRef = 2E19FF141F9B9F3F0054303C /* Assets.xcassets */; };
		2E19FF181F9B9F3F0054303C /* LaunchScreen.storyboard in Resources */ = {isa = PBXBuildFile; fileRef = 2E19FF161F9B9F3F0054303C /* LaunchScreen.storyboard */; };
		6E9F35F644C3A05EBFED3296 /* Pods_WalletTracker.framework in Frameworks */ = {isa = PBXBuildFile; fileRef = D5067FC1EF3BE38554A75B63 /* Pods_WalletTracker.framework */; };
/* End PBXBuildFile section */

/* Begin PBXFileReference section */
		2E046E5C1F9BBACC00413E87 /* ColorUtils.swift */ = {isa = PBXFileReference; fileEncoding = 4; lastKnownFileType = sourcecode.swift; path = ColorUtils.swift; sourceTree = "<group>"; };
		2E046E5E1F9BC0D400413E87 /* FillBar.swift */ = {isa = PBXFileReference; fileEncoding = 4; lastKnownFileType = sourcecode.swift; path = FillBar.swift; sourceTree = "<group>"; };
		2E046E601F9BC0F300413E87 /* FillBar.xib */ = {isa = PBXFileReference; fileEncoding = 4; lastKnownFileType = file.xib; path = FillBar.xib; sourceTree = "<group>"; };
		2E046E631F9BD3E300413E87 /* PlacesAPI.swift */ = {isa = PBXFileReference; fileEncoding = 4; lastKnownFileType = sourcecode.swift; path = PlacesAPI.swift; sourceTree = "<group>"; };
		2E19FF0A1F9B9F3F0054303C /* WalletTracker.app */ = {isa = PBXFileReference; explicitFileType = wrapper.application; includeInIndex = 0; path = WalletTracker.app; sourceTree = BUILT_PRODUCTS_DIR; };
		2E19FF0D1F9B9F3F0054303C /* AppDelegate.swift */ = {isa = PBXFileReference; lastKnownFileType = sourcecode.swift; path = AppDelegate.swift; sourceTree = "<group>"; };
		2E19FF0F1F9B9F3F0054303C /* ViewController.swift */ = {isa = PBXFileReference; lastKnownFileType = sourcecode.swift; path = ViewController.swift; sourceTree = "<group>"; };
		2E19FF121F9B9F3F0054303C /* Base */ = {isa = PBXFileReference; lastKnownFileType = file.storyboard; name = Base; path = Base.lproj/Main.storyboard; sourceTree = "<group>"; };
		2E19FF141F9B9F3F0054303C /* Assets.xcassets */ = {isa = PBXFileReference; lastKnownFileType = folder.assetcatalog; path = Assets.xcassets; sourceTree = "<group>"; };
		2E19FF171F9B9F3F0054303C /* Base */ = {isa = PBXFileReference; lastKnownFileType = file.storyboard; name = Base; path = Base.lproj/LaunchScreen.storyboard; sourceTree = "<group>"; };
		2E19FF191F9B9F3F0054303C /* Info.plist */ = {isa = PBXFileReference; lastKnownFileType = text.plist.xml; path = Info.plist; sourceTree = "<group>"; };
		91F728AFC7635149A3A6701A /* Pods-WalletTracker.debug.xcconfig */ = {isa = PBXFileReference; includeInIndex = 1; lastKnownFileType = text.xcconfig; name = "Pods-WalletTracker.debug.xcconfig"; path = "Pods/Target Support Files/Pods-WalletTracker/Pods-WalletTracker.debug.xcconfig"; sourceTree = "<group>"; };
		BD1D55F221148AE4BB246C48 /* Pods-WalletTracker.release.xcconfig */ = {isa = PBXFileReference; includeInIndex = 1; lastKnownFileType = text.xcconfig; name = "Pods-WalletTracker.release.xcconfig"; path = "Pods/Target Support Files/Pods-WalletTracker/Pods-WalletTracker.release.xcconfig"; sourceTree = "<group>"; };
		D5067FC1EF3BE38554A75B63 /* Pods_WalletTracker.framework */ = {isa = PBXFileReference; explicitFileType = wrapper.framework; includeInIndex = 0; path = Pods_WalletTracker.framework; sourceTree = BUILT_PRODUCTS_DIR; };
/* End PBXFileReference section */

/* Begin PBXFrameworksBuildPhase section */
		2E19FF071F9B9F3F0054303C /* Frameworks */ = {
			isa = PBXFrameworksBuildPhase;
			buildActionMask = 2147483647;
			files = (
				6E9F35F644C3A05EBFED3296 /* Pods_WalletTracker.framework in Frameworks */,
			);
			runOnlyForDeploymentPostprocessing = 0;
		};
/* End PBXFrameworksBuildPhase section */

/* Begin PBXGroup section */
		1B44E20635DAA5691B51FA69 /* Frameworks */ = {
			isa = PBXGroup;
			children = (
				D5067FC1EF3BE38554A75B63 /* Pods_WalletTracker.framework */,
			);
			name = Frameworks;
			sourceTree = "<group>";
		};
		2E046E621F9BC0FB00413E87 /* FillBar */ = {
			isa = PBXGroup;
			children = (
				2E046E5E1F9BC0D400413E87 /* FillBar.swift */,
				2E046E601F9BC0F300413E87 /* FillBar.xib */,
			);
			name = FillBar;
			sourceTree = "<group>";
		};
		2E19FF011F9B9F3F0054303C = {
			isa = PBXGroup;
			children = (
				2E19FF0C1F9B9F3F0054303C /* WalletTracker */,
				2E19FF0B1F9B9F3F0054303C /* Products */,
				965A0DB07746C93A4BE9D2E4 /* Pods */,
				1B44E20635DAA5691B51FA69 /* Frameworks */,
			);
			sourceTree = "<group>";
		};
		2E19FF0B1F9B9F3F0054303C /* Products */ = {
			isa = PBXGroup;
			children = (
				2E19FF0A1F9B9F3F0054303C /* WalletTracker.app */,
			);
			name = Products;
			sourceTree = "<group>";
		};
		2E19FF0C1F9B9F3F0054303C /* WalletTracker */ = {
			isa = PBXGroup;
			children = (
				2E046E621F9BC0FB00413E87 /* FillBar */,
				2E19FF0D1F9B9F3F0054303C /* AppDelegate.swift */,
				2E19FF0F1F9B9F3F0054303C /* ViewController.swift */,
				2E19FF111F9B9F3F0054303C /* Main.storyboard */,
				2E19FF141F9B9F3F0054303C /* Assets.xcassets */,
				2E19FF161F9B9F3F0054303C /* LaunchScreen.storyboard */,
				2E19FF191F9B9F3F0054303C /* Info.plist */,
				2E046E5C1F9BBACC00413E87 /* ColorUtils.swift */,
				2E046E631F9BD3E300413E87 /* PlacesAPI.swift */,
			);
			path = WalletTracker;
			sourceTree = "<group>";
		};
		965A0DB07746C93A4BE9D2E4 /* Pods */ = {
			isa = PBXGroup;
			children = (
				91F728AFC7635149A3A6701A /* Pods-WalletTracker.debug.xcconfig */,
				BD1D55F221148AE4BB246C48 /* Pods-WalletTracker.release.xcconfig */,
			);
			name = Pods;
			sourceTree = "<group>";
		};
/* End PBXGroup section */

/* Begin PBXNativeTarget section */
		2E19FF091F9B9F3F0054303C /* WalletTracker */ = {
			isa = PBXNativeTarget;
			buildConfigurationList = 2E19FF1C1F9B9F3F0054303C /* Build configuration list for PBXNativeTarget "WalletTracker" */;
			buildPhases = (
				9B8A6FBB40B101119B1BC498 /* [CP] Check Pods Manifest.lock */,
				2E19FF061F9B9F3F0054303C /* Sources */,
				2E19FF071F9B9F3F0054303C /* Frameworks */,
				2E19FF081F9B9F3F0054303C /* Resources */,
				77E7E6634E1B05672D392B44 /* [CP] Embed Pods Frameworks */,
				ABA2D5C70EF0DB3698021ABF /* [CP] Copy Pods Resources */,
			);
			buildRules = (
			);
			dependencies = (
			);
			name = WalletTracker;
			productName = WalletTracker;
			productReference = 2E19FF0A1F9B9F3F0054303C /* WalletTracker.app */;
			productType = "com.apple.product-type.application";
		};
/* End PBXNativeTarget section */

/* Begin PBXProject section */
		2E19FF021F9B9F3F0054303C /* Project object */ = {
			isa = PBXProject;
			attributes = {
				LastSwiftUpdateCheck = 0830;
				LastUpgradeCheck = 0830;
				ORGANIZATIONNAME = "David Hakanson";
				TargetAttributes = {
					2E19FF091F9B9F3F0054303C = {
						CreatedOnToolsVersion = 8.3.3;
						DevelopmentTeam = 95BMCWPY45;
						ProvisioningStyle = Automatic;
						SystemCapabilities = {
							com.apple.BackgroundModes = {
								enabled = 1;
							};
						};
					};
				};
			};
			buildConfigurationList = 2E19FF051F9B9F3F0054303C /* Build configuration list for PBXProject "WalletTracker" */;
			compatibilityVersion = "Xcode 3.2";
			developmentRegion = English;
			hasScannedForEncodings = 0;
			knownRegions = (
				en,
				Base,
			);
			mainGroup = 2E19FF011F9B9F3F0054303C;
			productRefGroup = 2E19FF0B1F9B9F3F0054303C /* Products */;
			projectDirPath = "";
			projectRoot = "";
			targets = (
				2E19FF091F9B9F3F0054303C /* WalletTracker */,
			);
		};
/* End PBXProject section */

/* Begin PBXResourcesBuildPhase section */
		2E19FF081F9B9F3F0054303C /* Resources */ = {
			isa = PBXResourcesBuildPhase;
			buildActionMask = 2147483647;
			files = (
				2E046E611F9BC0F300413E87 /* FillBar.xib in Resources */,
				2E19FF181F9B9F3F0054303C /* LaunchScreen.storyboard in Resources */,
				2E19FF151F9B9F3F0054303C /* Assets.xcassets in Resources */,
				2E19FF131F9B9F3F0054303C /* Main.storyboard in Resources */,
			);
			runOnlyForDeploymentPostprocessing = 0;
		};
/* End PBXResourcesBuildPhase section */

/* Begin PBXShellScriptBuildPhase section */
		77E7E6634E1B05672D392B44 /* [CP] Embed Pods Frameworks */ = {
			isa = PBXShellScriptBuildPhase;
			buildActionMask = 2147483647;
			files = (
			);
			inputPaths = (
			);
			name = "[CP] Embed Pods Frameworks";
			outputPaths = (
			);
			runOnlyForDeploymentPostprocessing = 0;
			shellPath = /bin/sh;
			shellScript = "\"${SRCROOT}/Pods/Target Support Files/Pods-WalletTracker/Pods-WalletTracker-frameworks.sh\"\n";
			showEnvVarsInLog = 0;
		};
		9B8A6FBB40B101119B1BC498 /* [CP] Check Pods Manifest.lock */ = {
			isa = PBXShellScriptBuildPhase;
			buildActionMask = 2147483647;
			files = (
			);
			inputPaths = (
			);
			name = "[CP] Check Pods Manifest.lock";
			outputPaths = (
			);
			runOnlyForDeploymentPostprocessing = 0;
			shellPath = /bin/sh;
			shellScript = "diff \"${PODS_ROOT}/../Podfile.lock\" \"${PODS_ROOT}/Manifest.lock\" > /dev/null\nif [ $? != 0 ] ; then\n    # print error to STDERR\n    echo \"error: The sandbox is not in sync with the Podfile.lock. Run 'pod install' or update your CocoaPods installation.\" >&2\n    exit 1\nfi\n";
			showEnvVarsInLog = 0;
		};
		ABA2D5C70EF0DB3698021ABF /* [CP] Copy Pods Resources */ = {
			isa = PBXShellScriptBuildPhase;
			buildActionMask = 2147483647;
			files = (
			);
			inputPaths = (
			);
			name = "[CP] Copy Pods Resources";
			outputPaths = (
			);
			runOnlyForDeploymentPostprocessing = 0;
			shellPath = /bin/sh;
			shellScript = "\"${SRCROOT}/Pods/Target Support Files/Pods-WalletTracker/Pods-WalletTracker-resources.sh\"\n";
			showEnvVarsInLog = 0;
		};
/* End PBXShellScriptBuildPhase section */

/* Begin PBXSourcesBuildPhase section */
		2E19FF061F9B9F3F0054303C /* Sources */ = {
			isa = PBXSourcesBuildPhase;
			buildActionMask = 2147483647;
			files = (
				2E046E5F1F9BC0D400413E87 /* FillBar.swift in Sources */,
				2E046E5D1F9BBACC00413E87 /* ColorUtils.swift in Sources */,
				2E19FF101F9B9F3F0054303C /* ViewController.swift in Sources */,
				2E046E641F9BD3E300413E87 /* PlacesAPI.swift in Sources */,
				2E19FF0E1F9B9F3F0054303C /* AppDelegate.swift in Sources */,
			);
			runOnlyForDeploymentPostprocessing = 0;
		};
/* End PBXSourcesBuildPhase section */

/* Begin PBXVariantGroup section */
		2E19FF111F9B9F3F0054303C /* Main.storyboard */ = {
			isa = PBXVariantGroup;
			children = (
				2E19FF121F9B9F3F0054303C /* Base */,
			);
			name = Main.storyboard;
			sourceTree = "<group>";
		};
		2E19FF161F9B9F3F0054303C /* LaunchScreen.storyboard */ = {
			isa = PBXVariantGroup;
			children = (
				2E19FF171F9B9F3F0054303C /* Base */,
			);
			name = LaunchScreen.storyboard;
			sourceTree = "<group>";
		};
/* End PBXVariantGroup section */

/* Begin XCBuildConfiguration section */
		2E19FF1A1F9B9F3F0054303C /* Debug */ = {
			isa = XCBuildConfiguration;
			buildSettings = {
				ALWAYS_SEARCH_USER_PATHS = NO;
				CLANG_ANALYZER_NONNULL = YES;
				CLANG_ANALYZER_NUMBER_OBJECT_CONVERSION = YES_AGGRESSIVE;
				CLANG_CXX_LANGUAGE_STANDARD = "gnu++0x";
				CLANG_CXX_LIBRARY = "libc++";
				CLANG_ENABLE_MODULES = YES;
				CLANG_ENABLE_OBJC_ARC = YES;
				CLANG_WARN_BOOL_CONVERSION = YES;
				CLANG_WARN_CONSTANT_CONVERSION = YES;
				CLANG_WARN_DIRECT_OBJC_ISA_USAGE = YES_ERROR;
				CLANG_WARN_DOCUMENTATION_COMMENTS = YES;
				CLANG_WARN_EMPTY_BODY = YES;
				CLANG_WARN_ENUM_CONVERSION = YES;
				CLANG_WARN_INFINITE_RECURSION = YES;
				CLANG_WARN_INT_CONVERSION = YES;
				CLANG_WARN_OBJC_ROOT_CLASS = YES_ERROR;
				CLANG_WARN_SUSPICIOUS_MOVE = YES;
				CLANG_WARN_UNREACHABLE_CODE = YES;
				CLANG_WARN__DUPLICATE_METHOD_MATCH = YES;
				"CODE_SIGN_IDENTITY[sdk=iphoneos*]" = "iPhone Developer";
				COPY_PHASE_STRIP = NO;
				DEBUG_INFORMATION_FORMAT = dwarf;
				ENABLE_STRICT_OBJC_MSGSEND = YES;
				ENABLE_TESTABILITY = YES;
				GCC_C_LANGUAGE_STANDARD = gnu99;
				GCC_DYNAMIC_NO_PIC = NO;
				GCC_NO_COMMON_BLOCKS = YES;
				GCC_OPTIMIZATION_LEVEL = 0;
				GCC_PREPROCESSOR_DEFINITIONS = (
					"DEBUG=1",
					"$(inherited)",
				);
				GCC_WARN_64_TO_32_BIT_CONVERSION = YES;
				GCC_WARN_ABOUT_RETURN_TYPE = YES_ERROR;
				GCC_WARN_UNDECLARED_SELECTOR = YES;
				GCC_WARN_UNINITIALIZED_AUTOS = YES_AGGRESSIVE;
				GCC_WARN_UNUSED_FUNCTION = YES;
				GCC_WARN_UNUSED_VARIABLE = YES;
				IPHONEOS_DEPLOYMENT_TARGET = 10.3;
				MTL_ENABLE_DEBUG_INFO = YES;
				ONLY_ACTIVE_ARCH = YES;
				SDKROOT = iphoneos;
				SWIFT_ACTIVE_COMPILATION_CONDITIONS = DEBUG;
				SWIFT_OPTIMIZATION_LEVEL = "-Onone";
				TARGETED_DEVICE_FAMILY = "1,2";
			};
			name = Debug;
		};
		2E19FF1B1F9B9F3F0054303C /* Release */ = {
			isa = XCBuildConfiguration;
			buildSettings = {
				ALWAYS_SEARCH_USER_PATHS = NO;
				CLANG_ANALYZER_NONNULL = YES;
				CLANG_ANALYZER_NUMBER_OBJECT_CONVERSION = YES_AGGRESSIVE;
				CLANG_CXX_LANGUAGE_STANDARD = "gnu++0x";
				CLANG_CXX_LIBRARY = "libc++";
				CLANG_ENABLE_MODULES = YES;
				CLANG_ENABLE_OBJC_ARC = YES;
				CLANG_WARN_BOOL_CONVERSION = YES;
				CLANG_WARN_CONSTANT_CONVERSION = YES;
				CLANG_WARN_DIRECT_OBJC_ISA_USAGE = YES_ERROR;
				CLANG_WARN_DOCUMENTATION_COMMENTS = YES;
				CLANG_WARN_EMPTY_BODY = YES;
				CLANG_WARN_ENUM_CONVERSION = YES;
				CLANG_WARN_INFINITE_RECURSION = YES;
				CLANG_WARN_INT_CONVERSION = YES;
				CLANG_WARN_OBJC_ROOT_CLASS = YES_ERROR;
				CLANG_WARN_SUSPICIOUS_MOVE = YES;
				CLANG_WARN_UNREACHABLE_CODE = YES;
				CLANG_WARN__DUPLICATE_METHOD_MATCH = YES;
				"CODE_SIGN_IDENTITY[sdk=iphoneos*]" = "iPhone Developer";
				COPY_PHASE_STRIP = NO;
				DEBUG_INFORMATION_FORMAT = "dwarf-with-dsym";
				ENABLE_NS_ASSERTIONS = NO;
				ENABLE_STRICT_OBJC_MSGSEND = YES;
				GCC_C_LANGUAGE_STANDARD = gnu99;
				GCC_NO_COMMON_BLOCKS = YES;
				GCC_WARN_64_TO_32_BIT_CONVERSION = YES;
				GCC_WARN_ABOUT_RETURN_TYPE = YES_ERROR;
				GCC_WARN_UNDECLARED_SELECTOR = YES;
				GCC_WARN_UNINITIALIZED_AUTOS = YES_AGGRESSIVE;
				GCC_WARN_UNUSED_FUNCTION = YES;
				GCC_WARN_UNUSED_VARIABLE = YES;
				IPHONEOS_DEPLOYMENT_TARGET = 10.3;
				MTL_ENABLE_DEBUG_INFO = NO;
				SDKROOT = iphoneos;
				SWIFT_OPTIMIZATION_LEVEL = "-Owholemodule";
				TARGETED_DEVICE_FAMILY = "1,2";
				VALIDATE_PRODUCT = YES;
			};
			name = Release;
		};
		2E19FF1D1F9B9F3F0054303C /* Debug */ = {
			isa = XCBuildConfiguration;
			baseConfigurationReference = 91F728AFC7635149A3A6701A /* Pods-WalletTracker.debug.xcconfig */;
			buildSettings = {
				ASSETCATALOG_COMPILER_APPICON_NAME = AppIcon;
				DEVELOPMENT_TEAM = 95BMCWPY45;
				INFOPLIST_FILE = WalletTracker/Info.plist;
				LD_RUNPATH_SEARCH_PATHS = "$(inherited) @executable_path/Frameworks";
				PRODUCT_BUNDLE_IDENTIFIER = co.t1no.WalletTracker;
				PRODUCT_NAME = "$(TARGET_NAME)";
				SWIFT_VERSION = 3.0;
			};
			name = Debug;
		};
		2E19FF1E1F9B9F3F0054303C /* Release */ = {
			isa = XCBuildConfiguration;
			baseConfigurationReference = BD1D55F221148AE4BB246C48 /* Pods-WalletTracker.release.xcconfig */;
			buildSettings = {
				ASSETCATALOG_COMPILER_APPICON_NAME = AppIcon;
				DEVELOPMENT_TEAM = 95BMCWPY45;
				INFOPLIST_FILE = WalletTracker/Info.plist;
				LD_RUNPATH_SEARCH_PATHS = "$(inherited) @executable_path/Frameworks";
				PRODUCT_BUNDLE_IDENTIFIER = co.t1no.WalletTracker;
				PRODUCT_NAME = "$(TARGET_NAME)";
				SWIFT_VERSION = 3.0;
			};
			name = Release;
		};
/* End XCBuildConfiguration section */

/* Begin XCConfigurationList section */
		2E19FF051F9B9F3F0054303C /* Build configuration list for PBXProject "WalletTracker" */ = {
			isa = XCConfigurationList;
			buildConfigurations = (
				2E19FF1A1F9B9F3F0054303C /* Debug */,
				2E19FF1B1F9B9F3F0054303C /* Release */,
			);
			defaultConfigurationIsVisible = 0;
			defaultConfigurationName = Release;
		};
		2E19FF1C1F9B9F3F0054303C /* Build configuration list for PBXNativeTarget "WalletTracker" */ = {
			isa = XCConfigurationList;
			buildConfigurations = (
				2E19FF1D1F9B9F3F0054303C /* Debug */,
				2E19FF1E1F9B9F3F0054303C /* Release */,
			);
			defaultConfigurationIsVisible = 0;
			defaultConfigurationName = Release;
		};
/* End XCConfigurationList section */
	};
	rootObject = 2E19FF021F9B9F3F0054303C /* Project object */;
}
