// !$*UTF8*$!
{
	archiveVersion = 1;
	classes = {
	};
	objectVersion = 46;
	objects = {

/* Begin PBXBuildFile section */
		2EC24E821C5B1AF30018D819 /* AppDelegate.swift in Sources */ = {isa = PBXBuildFile; fileRef = 2EC24E811C5B1AF30018D819 /* AppDelegate.swift */; };
		2EC24E841C5B1AF40018D819 /* ViewController.swift in Sources */ = {isa = PBXBuildFile; fileRef = 2EC24E831C5B1AF40018D819 /* ViewController.swift */; };
		2EC24E871C5B1AF40018D819 /* Main.storyboard in Resources */ = {isa = PBXBuildFile; fileRef = 2EC24E851C5B1AF40018D819 /* Main.storyboard */; };
		2EC24E8A1C5B1AF40018D819 /* animation_testing.xcdatamodeld in Sources */ = {isa = PBXBuildFile; fileRef = 2EC24E881C5B1AF40018D819 /* animation_testing.xcdatamodeld */; };
		2EC24E8C1C5B1AF40018D819 /* Assets.xcassets in Resources */ = {isa = PBXBuildFile; fileRef = 2EC24E8B1C5B1AF40018D819 /* Assets.xcassets */; };
		2EC24E8F1C5B1AF40018D819 /* LaunchScreen.storyboard in Resources */ = {isa = PBXBuildFile; fileRef = 2EC24E8D1C5B1AF40018D819 /* LaunchScreen.storyboard */; };
/* End PBXBuildFile section */

/* Begin PBXFileReference section */
		2EC24E7E1C5B1AF30018D819 /* animation testing.app */ = {isa = PBXFileReference; explicitFileType = wrapper.application; includeInIndex = 0; path = "animation testing.app"; sourceTree = BUILT_PRODUCTS_DIR; };
		2EC24E811C5B1AF30018D819 /* AppDelegate.swift */ = {isa = PBXFileReference; lastKnownFileType = sourcecode.swift; path = AppDelegate.swift; sourceTree = "<group>"; };
		2EC24E831C5B1AF40018D819 /* ViewController.swift */ = {isa = PBXFileReference; lastKnownFileType = sourcecode.swift; path = ViewController.swift; sourceTree = "<group>"; };
		2EC24E861C5B1AF40018D819 /* Base */ = {isa = PBXFileReference; lastKnownFileType = file.storyboard; name = Base; path = Base.lproj/Main.storyboard; sourceTree = "<group>"; };
		2EC24E891C5B1AF40018D819 /* animation_testing.xcdatamodel */ = {isa = PBXFileReference; lastKnownFileType = wrapper.xcdatamodel; path = animation_testing.xcdatamodel; sourceTree = "<group>"; };
		2EC24E8B1C5B1AF40018D819 /* Assets.xcassets */ = {isa = PBXFileReference; lastKnownFileType = folder.assetcatalog; path = Assets.xcassets; sourceTree = "<group>"; };
		2EC24E8E1C5B1AF40018D819 /* Base */ = {isa = PBXFileReference; lastKnownFileType = file.storyboard; name = Base; path = Base.lproj/LaunchScreen.storyboard; sourceTree = "<group>"; };
		2EC24E901C5B1AF40018D819 /* Info.plist */ = {isa = PBXFileReference; lastKnownFileType = text.plist.xml; path = Info.plist; sourceTree = "<group>"; };
/* End PBXFileReference section */

/* Begin PBXFrameworksBuildPhase section */
		2EC24E7B1C5B1AF30018D819 /* Frameworks */ = {
			isa = PBXFrameworksBuildPhase;
			buildActionMask = 2147483647;
			files = (
			);
			runOnlyForDeploymentPostprocessing = 0;
		};
/* End PBXFrameworksBuildPhase section */

/* Begin PBXGroup section */
		2EC24E751C5B1AF30018D819 = {
			isa = PBXGroup;
			children = (
				2EC24E801C5B1AF30018D819 /* animation testing */,
				2EC24E7F1C5B1AF30018D819 /* Products */,
			);
			sourceTree = "<group>";
		};
		2EC24E7F1C5B1AF30018D819 /* Products */ = {
			isa = PBXGroup;
			children = (
				2EC24E7E1C5B1AF30018D819 /* animation testing.app */,
			);
			name = Products;
			sourceTree = "<group>";
		};
		2EC24E801C5B1AF30018D819 /* animation testing */ = {
			isa = PBXGroup;
			children = (
				2EC24E811C5B1AF30018D819 /* AppDelegate.swift */,
				2EC24E831C5B1AF40018D819 /* ViewController.swift */,
				2EC24E851C5B1AF40018D819 /* Main.storyboard */,
				2EC24E8B1C5B1AF40018D819 /* Assets.xcassets */,
				2EC24E8D1C5B1AF40018D819 /* LaunchScreen.storyboard */,
				2EC24E901C5B1AF40018D819 /* Info.plist */,
				2EC24E881C5B1AF40018D819 /* animation_testing.xcdatamodeld */,
			);
			path = "animation testing";
			sourceTree = "<group>";
		};
/* End PBXGroup section */

/* Begin PBXNativeTarget section */
		2EC24E7D1C5B1AF30018D819 /* animation testing */ = {
			isa = PBXNativeTarget;
			buildConfigurationList = 2EC24E931C5B1AF40018D819 /* Build configuration list for PBXNativeTarget "animation testing" */;
			buildPhases = (
				2EC24E7A1C5B1AF30018D819 /* Sources */,
				2EC24E7B1C5B1AF30018D819 /* Frameworks */,
				2EC24E7C1C5B1AF30018D819 /* Resources */,
			);
			buildRules = (
			);
			dependencies = (
			);
			name = "animation testing";
			productName = "animation testing";
			productReference = 2EC24E7E1C5B1AF30018D819 /* animation testing.app */;
			productType = "com.apple.product-type.application";
		};
/* End PBXNativeTarget section */

/* Begin PBXProject section */
		2EC24E761C5B1AF30018D819 /* Project object */ = {
			isa = PBXProject;
			attributes = {
				LastSwiftUpdateCheck = 0720;
				LastUpgradeCheck = 0720;
				ORGANIZATIONNAME = "David Hakanson";
				TargetAttributes = {
					2EC24E7D1C5B1AF30018D819 = {
						CreatedOnToolsVersion = 7.2;
					};
				};
			};
			buildConfigurationList = 2EC24E791C5B1AF30018D819 /* Build configuration list for PBXProject "animation testing" */;
			compatibilityVersion = "Xcode 3.2";
			developmentRegion = English;
			hasScannedForEncodings = 0;
			knownRegions = (
				en,
				Base,
			);
			mainGroup = 2EC24E751C5B1AF30018D819;
			productRefGroup = 2EC24E7F1C5B1AF30018D819 /* Products */;
			projectDirPath = "";
			projectRoot = "";
			targets = (
				2EC24E7D1C5B1AF30018D819 /* animation testing */,
			);
		};
/* End PBXProject section */

/* Begin PBXResourcesBuildPhase section */
		2EC24E7C1C5B1AF30018D819 /* Resources */ = {
			isa = PBXResourcesBuildPhase;
			buildActionMask = 2147483647;
			files = (
				2EC24E8F1C5B1AF40018D819 /* LaunchScreen.storyboard in Resources */,
				2EC24E8C1C5B1AF40018D819 /* Assets.xcassets in Resources */,
				2EC24E871C5B1AF40018D819 /* Main.storyboard in Resources */,
			);
			runOnlyForDeploymentPostprocessing = 0;
		};
/* End PBXResourcesBuildPhase section */

/* Begin PBXSourcesBuildPhase section */
		2EC24E7A1C5B1AF30018D819 /* Sources */ = {
			isa = PBXSourcesBuildPhase;
			buildActionMask = 2147483647;
			files = (
				2EC24E841C5B1AF40018D819 /* ViewController.swift in Sources */,
				2EC24E8A1C5B1AF40018D819 /* animation_testing.xcdatamodeld in Sources */,
				2EC24E821C5B1AF30018D819 /* AppDelegate.swift in Sources */,
			);
			runOnlyForDeploymentPostprocessing = 0;
		};
/* End PBXSourcesBuildPhase section */

/* Begin PBXVariantGroup section */
		2EC24E851C5B1AF40018D819 /* Main.storyboard */ = {
			isa = PBXVariantGroup;
			children = (
				2EC24E861C5B1AF40018D819 /* Base */,
			);
			name = Main.storyboard;
			sourceTree = "<group>";
		};
		2EC24E8D1C5B1AF40018D819 /* LaunchScreen.storyboard */ = {
			isa = PBXVariantGroup;
			children = (
				2EC24E8E1C5B1AF40018D819 /* Base */,
			);
			name = LaunchScreen.storyboard;
			sourceTree = "<group>";
		};
/* End PBXVariantGroup section */

/* Begin XCBuildConfiguration section */
		2EC24E911C5B1AF40018D819 /* Debug */ = {
			isa = XCBuildConfiguration;
			buildSettings = {
				ALWAYS_SEARCH_USER_PATHS = NO;
				CLANG_CXX_LANGUAGE_STANDARD = "gnu++0x";
				CLANG_CXX_LIBRARY = "libc++";
				CLANG_ENABLE_MODULES = YES;
				CLANG_ENABLE_OBJC_ARC = YES;
				CLANG_WARN_BOOL_CONVERSION = YES;
				CLANG_WARN_CONSTANT_CONVERSION = YES;
				CLANG_WARN_DIRECT_OBJC_ISA_USAGE = YES_ERROR;
				CLANG_WARN_EMPTY_BODY = YES;
				CLANG_WARN_ENUM_CONVERSION = YES;
				CLANG_WARN_INT_CONVERSION = YES;
				CLANG_WARN_OBJC_ROOT_CLASS = YES_ERROR;
				CLANG_WARN_UNREACHABLE_CODE = YES;
				CLANG_WARN__DUPLICATE_METHOD_MATCH = YES;
				"CODE_SIGN_IDENTITY[sdk=iphoneos*]" = "iPhone Developer";
				COPY_PHASE_STRIP = NO;
				DEBUG_INFORMATION_FORMAT = dwarf;
				ENABLE_STRICT_OBJC_MSGSEND = YES;
				ENABLE_TESTABILITY = YES;
				GCC_C_LANGUAGE_STANDARD = gnu99;
				GCC_DYNAMIC_NO_PIC = NO;
				GCC_NO_COMMON_BLOCKS = YES;
				GCC_OPTIMIZATION_LEVEL = 0;
				GCC_PREPROCESSOR_DEFINITIONS = (
					"DEBUG=1",
					"$(inherited)",
				);
				GCC_WARN_64_TO_32_BIT_CONVERSION = YES;
				GCC_WARN_ABOUT_RETURN_TYPE = YES_ERROR;
				GCC_WARN_UNDECLARED_SELECTOR = YES;
				GCC_WARN_UNINITIALIZED_AUTOS = YES_AGGRESSIVE;
				GCC_WARN_UNUSED_FUNCTION = YES;
				GCC_WARN_UNUSED_VARIABLE = YES;
				IPHONEOS_DEPLOYMENT_TARGET = 9.2;
				MTL_ENABLE_DEBUG_INFO = YES;
				ONLY_ACTIVE_ARCH = YES;
				SDKROOT = iphoneos;
				SWIFT_OPTIMIZATION_LEVEL = "-Onone";
				TARGETED_DEVICE_FAMILY = "1,2";
			};
			name = Debug;
		};
		2EC24E921C5B1AF40018D819 /* Release */ = {
			isa = XCBuildConfiguration;
			buildSettings = {
				ALWAYS_SEARCH_USER_PATHS = NO;
				CLANG_CXX_LANGUAGE_STANDARD = "gnu++0x";
				CLANG_CXX_LIBRARY = "libc++";
				CLANG_ENABLE_MODULES = YES;
				CLANG_ENABLE_OBJC_ARC = YES;
				CLANG_WARN_BOOL_CONVERSION = YES;
				CLANG_WARN_CONSTANT_CONVERSION = YES;
				CLANG_WARN_DIRECT_OBJC_ISA_USAGE = YES_ERROR;
				CLANG_WARN_EMPTY_BODY = YES;
				CLANG_WARN_ENUM_CONVERSION = YES;
				CLANG_WARN_INT_CONVERSION = YES;
				CLANG_WARN_OBJC_ROOT_CLASS = YES_ERROR;
				CLANG_WARN_UNREACHABLE_CODE = YES;
				CLANG_WARN__DUPLICATE_METHOD_MATCH = YES;
				"CODE_SIGN_IDENTITY[sdk=iphoneos*]" = "iPhone Developer";
				COPY_PHASE_STRIP = NO;
				DEBUG_INFORMATION_FORMAT = "dwarf-with-dsym";
				ENABLE_NS_ASSERTIONS = NO;
				ENABLE_STRICT_OBJC_MSGSEND = YES;
				GCC_C_LANGUAGE_STANDARD = gnu99;
				GCC_NO_COMMON_BLOCKS = YES;
				GCC_WARN_64_TO_32_BIT_CONVERSION = YES;
				GCC_WARN_ABOUT_RETURN_TYPE = YES_ERROR;
				GCC_WARN_UNDECLARED_SELECTOR = YES;
				GCC_WARN_UNINITIALIZED_AUTOS = YES_AGGRESSIVE;
				GCC_WARN_UNUSED_FUNCTION = YES;
				GCC_WARN_UNUSED_VARIABLE = YES;
				IPHONEOS_DEPLOYMENT_TARGET = 9.2;
				MTL_ENABLE_DEBUG_INFO = NO;
				SDKROOT = iphoneos;
				TARGETED_DEVICE_FAMILY = "1,2";
				VALIDATE_PRODUCT = YES;
			};
			name = Release;
		};
		2EC24E941C5B1AF40018D819 /* Debug */ = {
			isa = XCBuildConfiguration;
			buildSettings = {
				ASSETCATALOG_COMPILER_APPICON_NAME = AppIcon;
				INFOPLIST_FILE = "animation testing/Info.plist";
				LD_RUNPATH_SEARCH_PATHS = "$(inherited) @executable_path/Frameworks";
				PRODUCT_BUNDLE_IDENTIFIER = "com.schedule4.animation-testing";
				PRODUCT_NAME = "$(TARGET_NAME)";
			};
			name = Debug;
		};
		2EC24E951C5B1AF40018D819 /* Release */ = {
			isa = XCBuildConfiguration;
			buildSettings = {
				ASSETCATALOG_COMPILER_APPICON_NAME = AppIcon;
				INFOPLIST_FILE = "animation testing/Info.plist";
				LD_RUNPATH_SEARCH_PATHS = "$(inherited) @executable_path/Frameworks";
				PRODUCT_BUNDLE_IDENTIFIER = "com.schedule4.animation-testing";
				PRODUCT_NAME = "$(TARGET_NAME)";
			};
			name = Release;
		};
/* End XCBuildConfiguration section */

/* Begin XCConfigurationList section */
		2EC24E791C5B1AF30018D819 /* Build configuration list for PBXProject "animation testing" */ = {
			isa = XCConfigurationList;
			buildConfigurations = (
				2EC24E911C5B1AF40018D819 /* Debug */,
				2EC24E921C5B1AF40018D819 /* Release */,
			);
			defaultConfigurationIsVisible = 0;
			defaultConfigurationName = Release;
		};
		2EC24E931C5B1AF40018D819 /* Build configuration list for PBXNativeTarget "animation testing" */ = {
			isa = XCConfigurationList;
			buildConfigurations = (
				2EC24E941C5B1AF40018D819 /* Debug */,
				2EC24E951C5B1AF40018D819 /* Release */,
			);
			defaultConfigurationIsVisible = 0;
		};
/* End XCConfigurationList section */

/* Begin XCVersionGroup section */
		2EC24E881C5B1AF40018D819 /* animation_testing.xcdatamodeld */ = {
			isa = XCVersionGroup;
			children = (
				2EC24E891C5B1AF40018D819 /* animation_testing.xcdatamodel */,
			);
			currentVersion = 2EC24E891C5B1AF40018D819 /* animation_testing.xcdatamodel */;
			path = animation_testing.xcdatamodeld;
			sourceTree = "<group>";
			versionGroupType = wrapper.xcdatamodel;
		};
/* End XCVersionGroup section */
	};
	rootObject = 2EC24E761C5B1AF30018D819 /* Project object */;
}
