// !$*UTF8*$!
{
	archiveVersion = 1;
	classes = {
	};
	objectVersion = 46;
	objects = {

/* Begin PBXBuildFile section */
		2E9ACBBF1C4ACD8700454E91 /* AppDelegate.swift in Sources */ = {isa = PBXBuildFile; fileRef = 2E9ACBBE1C4ACD8700454E91 /* AppDelegate.swift */; };
		2E9ACBC41C4ACD8700454E91 /* Main.storyboard in Resources */ = {isa = PBXBuildFile; fileRef = 2E9ACBC21C4ACD8700454E91 /* Main.storyboard */; };
		2E9ACBC71C4ACD8700454E91 /* NavBar_Interactions_Test.xcdatamodeld in Sources */ = {isa = PBXBuildFile; fileRef = 2E9ACBC51C4ACD8700454E91 /* NavBar_Interactions_Test.xcdatamodeld */; };
		2E9ACBC91C4ACD8700454E91 /* Assets.xcassets in Resources */ = {isa = PBXBuildFile; fileRef = 2E9ACBC81C4ACD8700454E91 /* Assets.xcassets */; };
		2E9ACBCC1C4ACD8700454E91 /* LaunchScreen.storyboard in Resources */ = {isa = PBXBuildFile; fileRef = 2E9ACBCA1C4ACD8700454E91 /* LaunchScreen.storyboard */; };
		2E9ACBDC1C4AD52A00454E91 /* NavBarCollapseTableViewController.swift in Sources */ = {isa = PBXBuildFile; fileRef = 2E9ACBDB1C4AD52A00454E91 /* NavBarCollapseTableViewController.swift */; };
		2E9ACBDE1C4AD6EF00454E91 /* InitialNavigationViewController.swift in Sources */ = {isa = PBXBuildFile; fileRef = 2E9ACBDD1C4AD6EF00454E91 /* InitialNavigationViewController.swift */; };
		2E9ACBE01C4AF15B00454E91 /* TableViewContoller.swift in Sources */ = {isa = PBXBuildFile; fileRef = 2E9ACBDF1C4AF15B00454E91 /* TableViewContoller.swift */; };
/* End PBXBuildFile section */

/* Begin PBXFileReference section */
		2E9ACBBB1C4ACD8700454E91 /* NavBar Interactions Test.app */ = {isa = PBXFileReference; explicitFileType = wrapper.application; includeInIndex = 0; path = "NavBar Interactions Test.app"; sourceTree = BUILT_PRODUCTS_DIR; };
		2E9ACBBE1C4ACD8700454E91 /* AppDelegate.swift */ = {isa = PBXFileReference; lastKnownFileType = sourcecode.swift; path = AppDelegate.swift; sourceTree = "<group>"; };
		2E9ACBC31C4ACD8700454E91 /* Base */ = {isa = PBXFileReference; lastKnownFileType = file.storyboard; name = Base; path = Base.lproj/Main.storyboard; sourceTree = "<group>"; };
		2E9ACBC61C4ACD8700454E91 /* NavBar_Interactions_Test.xcdatamodel */ = {isa = PBXFileReference; lastKnownFileType = wrapper.xcdatamodel; path = NavBar_Interactions_Test.xcdatamodel; sourceTree = "<group>"; };
		2E9ACBC81C4ACD8700454E91 /* Assets.xcassets */ = {isa = PBXFileReference; lastKnownFileType = folder.assetcatalog; path = Assets.xcassets; sourceTree = "<group>"; };
		2E9ACBCB1C4ACD8700454E91 /* Base */ = {isa = PBXFileReference; lastKnownFileType = file.storyboard; name = Base; path = Base.lproj/LaunchScreen.storyboard; sourceTree = "<group>"; };
		2E9ACBCD1C4ACD8700454E91 /* Info.plist */ = {isa = PBXFileReference; lastKnownFileType = text.plist.xml; path = Info.plist; sourceTree = "<group>"; };
		2E9ACBDB1C4AD52A00454E91 /* NavBarCollapseTableViewController.swift */ = {isa = PBXFileReference; fileEncoding = 4; lastKnownFileType = sourcecode.swift; name = NavBarCollapseTableViewController.swift; path = ../NavBarCollapseTableViewController.swift; sourceTree = "<group>"; };
		2E9ACBDD1C4AD6EF00454E91 /* InitialNavigationViewController.swift */ = {isa = PBXFileReference; fileEncoding = 4; lastKnownFileType = sourcecode.swift; name = InitialNavigationViewController.swift; path = ../InitialNavigationViewController.swift; sourceTree = "<group>"; };
		2E9ACBDF1C4AF15B00454E91 /* TableViewContoller.swift */ = {isa = PBXFileReference; fileEncoding = 4; lastKnownFileType = sourcecode.swift; path = TableViewContoller.swift; sourceTree = "<group>"; };
/* End PBXFileReference section */

/* Begin PBXFrameworksBuildPhase section */
		2E9ACBB81C4ACD8700454E91 /* Frameworks */ = {
			isa = PBXFrameworksBuildPhase;
			buildActionMask = 2147483647;
			files = (
			);
			runOnlyForDeploymentPostprocessing = 0;
		};
/* End PBXFrameworksBuildPhase section */

/* Begin PBXGroup section */
		2E9ACBB21C4ACD8700454E91 = {
			isa = PBXGroup;
			children = (
				2E9ACBBD1C4ACD8700454E91 /* NavBar Interactions Test */,
				2E9ACBBC1C4ACD8700454E91 /* Products */,
			);
			sourceTree = "<group>";
		};
		2E9ACBBC1C4ACD8700454E91 /* Products */ = {
			isa = PBXGroup;
			children = (
				2E9ACBBB1C4ACD8700454E91 /* NavBar Interactions Test.app */,
			);
			name = Products;
			sourceTree = "<group>";
		};
		2E9ACBBD1C4ACD8700454E91 /* NavBar Interactions Test */ = {
			isa = PBXGroup;
			children = (
				2E9ACBDB1C4AD52A00454E91 /* NavBarCollapseTableViewController.swift */,
				2E9ACBDF1C4AF15B00454E91 /* TableViewContoller.swift */,
				2E9ACBDD1C4AD6EF00454E91 /* InitialNavigationViewController.swift */,
				2E9ACBBE1C4ACD8700454E91 /* AppDelegate.swift */,
				2E9ACBC21C4ACD8700454E91 /* Main.storyboard */,
				2E9ACBC81C4ACD8700454E91 /* Assets.xcassets */,
				2E9ACBCA1C4ACD8700454E91 /* LaunchScreen.storyboard */,
				2E9ACBCD1C4ACD8700454E91 /* Info.plist */,
				2E9ACBC51C4ACD8700454E91 /* NavBar_Interactions_Test.xcdatamodeld */,
			);
			path = "NavBar Interactions Test";
			sourceTree = "<group>";
		};
/* End PBXGroup section */

/* Begin PBXNativeTarget section */
		2E9ACBBA1C4ACD8700454E91 /* NavBar Interactions Test */ = {
			isa = PBXNativeTarget;
			buildConfigurationList = 2E9ACBD01C4ACD8700454E91 /* Build configuration list for PBXNativeTarget "NavBar Interactions Test" */;
			buildPhases = (
				2E9ACBB71C4ACD8700454E91 /* Sources */,
				2E9ACBB81C4ACD8700454E91 /* Frameworks */,
				2E9ACBB91C4ACD8700454E91 /* Resources */,
			);
			buildRules = (
			);
			dependencies = (
			);
			name = "NavBar Interactions Test";
			productName = "NavBar Interactions Test";
			productReference = 2E9ACBBB1C4ACD8700454E91 /* NavBar Interactions Test.app */;
			productType = "com.apple.product-type.application";
		};
/* End PBXNativeTarget section */

/* Begin PBXProject section */
		2E9ACBB31C4ACD8700454E91 /* Project object */ = {
			isa = PBXProject;
			attributes = {
				LastSwiftUpdateCheck = 0720;
				LastUpgradeCheck = 0720;
				ORGANIZATIONNAME = "David Hakanson";
				TargetAttributes = {
					2E9ACBBA1C4ACD8700454E91 = {
						CreatedOnToolsVersion = 7.2;
					};
				};
			};
			buildConfigurationList = 2E9ACBB61C4ACD8700454E91 /* Build configuration list for PBXProject "NavBar Interactions Test" */;
			compatibilityVersion = "Xcode 3.2";
			developmentRegion = English;
			hasScannedForEncodings = 0;
			knownRegions = (
				en,
				Base,
			);
			mainGroup = 2E9ACBB21C4ACD8700454E91;
			productRefGroup = 2E9ACBBC1C4ACD8700454E91 /* Products */;
			projectDirPath = "";
			projectRoot = "";
			targets = (
				2E9ACBBA1C4ACD8700454E91 /* NavBar Interactions Test */,
			);
		};
/* End PBXProject section */

/* Begin PBXResourcesBuildPhase section */
		2E9ACBB91C4ACD8700454E91 /* Resources */ = {
			isa = PBXResourcesBuildPhase;
			buildActionMask = 2147483647;
			files = (
				2E9ACBCC1C4ACD8700454E91 /* LaunchScreen.storyboard in Resources */,
				2E9ACBC91C4ACD8700454E91 /* Assets.xcassets in Resources */,
				2E9ACBC41C4ACD8700454E91 /* Main.storyboard in Resources */,
			);
			runOnlyForDeploymentPostprocessing = 0;
		};
/* End PBXResourcesBuildPhase section */

/* Begin PBXSourcesBuildPhase section */
		2E9ACBB71C4ACD8700454E91 /* Sources */ = {
			isa = PBXSourcesBuildPhase;
			buildActionMask = 2147483647;
			files = (
				2E9ACBC71C4ACD8700454E91 /* NavBar_Interactions_Test.xcdatamodeld in Sources */,
				2E9ACBDE1C4AD6EF00454E91 /* InitialNavigationViewController.swift in Sources */,
				2E9ACBE01C4AF15B00454E91 /* TableViewContoller.swift in Sources */,
				2E9ACBBF1C4ACD8700454E91 /* AppDelegate.swift in Sources */,
				2E9ACBDC1C4AD52A00454E91 /* NavBarCollapseTableViewController.swift in Sources */,
			);
			runOnlyForDeploymentPostprocessing = 0;
		};
/* End PBXSourcesBuildPhase section */

/* Begin PBXVariantGroup section */
		2E9ACBC21C4ACD8700454E91 /* Main.storyboard */ = {
			isa = PBXVariantGroup;
			children = (
				2E9ACBC31C4ACD8700454E91 /* Base */,
			);
			name = Main.storyboard;
			sourceTree = "<group>";
		};
		2E9ACBCA1C4ACD8700454E91 /* LaunchScreen.storyboard */ = {
			isa = PBXVariantGroup;
			children = (
				2E9ACBCB1C4ACD8700454E91 /* Base */,
			);
			name = LaunchScreen.storyboard;
			sourceTree = "<group>";
		};
/* End PBXVariantGroup section */

/* Begin XCBuildConfiguration section */
		2E9ACBCE1C4ACD8700454E91 /* Debug */ = {
			isa = XCBuildConfiguration;
			buildSettings = {
				ALWAYS_SEARCH_USER_PATHS = NO;
				CLANG_CXX_LANGUAGE_STANDARD = "gnu++0x";
				CLANG_CXX_LIBRARY = "libc++";
				CLANG_ENABLE_MODULES = YES;
				CLANG_ENABLE_OBJC_ARC = YES;
				CLANG_WARN_BOOL_CONVERSION = YES;
				CLANG_WARN_CONSTANT_CONVERSION = YES;
				CLANG_WARN_DIRECT_OBJC_ISA_USAGE = YES_ERROR;
				CLANG_WARN_EMPTY_BODY = YES;
				CLANG_WARN_ENUM_CONVERSION = YES;
				CLANG_WARN_INT_CONVERSION = YES;
				CLANG_WARN_OBJC_ROOT_CLASS = YES_ERROR;
				CLANG_WARN_UNREACHABLE_CODE = YES;
				CLANG_WARN__DUPLICATE_METHOD_MATCH = YES;
				"CODE_SIGN_IDENTITY[sdk=iphoneos*]" = "iPhone Developer";
				COPY_PHASE_STRIP = NO;
				DEBUG_INFORMATION_FORMAT = dwarf;
				ENABLE_STRICT_OBJC_MSGSEND = YES;
				ENABLE_TESTABILITY = YES;
				GCC_C_LANGUAGE_STANDARD = gnu99;
				GCC_DYNAMIC_NO_PIC = NO;
				GCC_NO_COMMON_BLOCKS = YES;
				GCC_OPTIMIZATION_LEVEL = 0;
				GCC_PREPROCESSOR_DEFINITIONS = (
					"DEBUG=1",
					"$(inherited)",
				);
				GCC_WARN_64_TO_32_BIT_CONVERSION = YES;
				GCC_WARN_ABOUT_RETURN_TYPE = YES_ERROR;
				GCC_WARN_UNDECLARED_SELECTOR = YES;
				GCC_WARN_UNINITIALIZED_AUTOS = YES_AGGRESSIVE;
				GCC_WARN_UNUSED_FUNCTION = YES;
				GCC_WARN_UNUSED_VARIABLE = YES;
				IPHONEOS_DEPLOYMENT_TARGET = 9.2;
				MTL_ENABLE_DEBUG_INFO = YES;
				ONLY_ACTIVE_ARCH = YES;
				SDKROOT = iphoneos;
				SWIFT_OPTIMIZATION_LEVEL = "-Onone";
				TARGETED_DEVICE_FAMILY = "1,2";
			};
			name = Debug;
		};
		2E9ACBCF1C4ACD8700454E91 /* Release */ = {
			isa = XCBuildConfiguration;
			buildSettings = {
				ALWAYS_SEARCH_USER_PATHS = NO;
				CLANG_CXX_LANGUAGE_STANDARD = "gnu++0x";
				CLANG_CXX_LIBRARY = "libc++";
				CLANG_ENABLE_MODULES = YES;
				CLANG_ENABLE_OBJC_ARC = YES;
				CLANG_WARN_BOOL_CONVERSION = YES;
				CLANG_WARN_CONSTANT_CONVERSION = YES;
				CLANG_WARN_DIRECT_OBJC_ISA_USAGE = YES_ERROR;
				CLANG_WARN_EMPTY_BODY = YES;
				CLANG_WARN_ENUM_CONVERSION = YES;
				CLANG_WARN_INT_CONVERSION = YES;
				CLANG_WARN_OBJC_ROOT_CLASS = YES_ERROR;
				CLANG_WARN_UNREACHABLE_CODE = YES;
				CLANG_WARN__DUPLICATE_METHOD_MATCH = YES;
				"CODE_SIGN_IDENTITY[sdk=iphoneos*]" = "iPhone Developer";
				COPY_PHASE_STRIP = NO;
				DEBUG_INFORMATION_FORMAT = "dwarf-with-dsym";
				ENABLE_NS_ASSERTIONS = NO;
				ENABLE_STRICT_OBJC_MSGSEND = YES;
				GCC_C_LANGUAGE_STANDARD = gnu99;
				GCC_NO_COMMON_BLOCKS = YES;
				GCC_WARN_64_TO_32_BIT_CONVERSION = YES;
				GCC_WARN_ABOUT_RETURN_TYPE = YES_ERROR;
				GCC_WARN_UNDECLARED_SELECTOR = YES;
				GCC_WARN_UNINITIALIZED_AUTOS = YES_AGGRESSIVE;
				GCC_WARN_UNUSED_FUNCTION = YES;
				GCC_WARN_UNUSED_VARIABLE = YES;
				IPHONEOS_DEPLOYMENT_TARGET = 9.2;
				MTL_ENABLE_DEBUG_INFO = NO;
				SDKROOT = iphoneos;
				TARGETED_DEVICE_FAMILY = "1,2";
				VALIDATE_PRODUCT = YES;
			};
			name = Release;
		};
		2E9ACBD11C4ACD8700454E91 /* Debug */ = {
			isa = XCBuildConfiguration;
			buildSettings = {
				ASSETCATALOG_COMPILER_APPICON_NAME = AppIcon;
				INFOPLIST_FILE = "NavBar Interactions Test/Info.plist";
				LD_RUNPATH_SEARCH_PATHS = "$(inherited) @executable_path/Frameworks";
				PRODUCT_BUNDLE_IDENTIFIER = "com.schedule4.NavBar-Interactions-Test";
				PRODUCT_NAME = "$(TARGET_NAME)";
			};
			name = Debug;
		};
		2E9ACBD21C4ACD8700454E91 /* Release */ = {
			isa = XCBuildConfiguration;
			buildSettings = {
				ASSETCATALOG_COMPILER_APPICON_NAME = AppIcon;
				INFOPLIST_FILE = "NavBar Interactions Test/Info.plist";
				LD_RUNPATH_SEARCH_PATHS = "$(inherited) @executable_path/Frameworks";
				PRODUCT_BUNDLE_IDENTIFIER = "com.schedule4.NavBar-Interactions-Test";
				PRODUCT_NAME = "$(TARGET_NAME)";
			};
			name = Release;
		};
/* End XCBuildConfiguration section */

/* Begin XCConfigurationList section */
		2E9ACBB61C4ACD8700454E91 /* Build configuration list for PBXProject "NavBar Interactions Test" */ = {
			isa = XCConfigurationList;
			buildConfigurations = (
				2E9ACBCE1C4ACD8700454E91 /* Debug */,
				2E9ACBCF1C4ACD8700454E91 /* Release */,
			);
			defaultConfigurationIsVisible = 0;
			defaultConfigurationName = Release;
		};
		2E9ACBD01C4ACD8700454E91 /* Build configuration list for PBXNativeTarget "NavBar Interactions Test" */ = {
			isa = XCConfigurationList;
			buildConfigurations = (
				2E9ACBD11C4ACD8700454E91 /* Debug */,
				2E9ACBD21C4ACD8700454E91 /* Release */,
			);
			defaultConfigurationIsVisible = 0;
		};
/* End XCConfigurationList section */

/* Begin XCVersionGroup section */
		2E9ACBC51C4ACD8700454E91 /* NavBar_Interactions_Test.xcdatamodeld */ = {
			isa = XCVersionGroup;
			children = (
				2E9ACBC61C4ACD8700454E91 /* NavBar_Interactions_Test.xcdatamodel */,
			);
			currentVersion = 2E9ACBC61C4ACD8700454E91 /* NavBar_Interactions_Test.xcdatamodel */;
			path = NavBar_Interactions_Test.xcdatamodeld;
			sourceTree = "<group>";
			versionGroupType = wrapper.xcdatamodel;
		};
/* End XCVersionGroup section */
	};
	rootObject = 2E9ACBB31C4ACD8700454E91 /* Project object */;
}
