// !$*UTF8*$!
{
	archiveVersion = 1;
	classes = {
	};
	objectVersion = 46;
	objects = {

/* Begin PBXBuildFile section */
		2E1D1CE91C30D6AE006FDDA2 /* AppDelegate.swift in Sources */ = {isa = PBXBuildFile; fileRef = 2E1D1CE81C30D6AE006FDDA2 /* AppDelegate.swift */; };
		2E1D1CEB1C30D6AE006FDDA2 /* ViewController.swift in Sources */ = {isa = PBXBuildFile; fileRef = 2E1D1CEA1C30D6AE006FDDA2 /* ViewController.swift */; };
		2E1D1CEE1C30D6AE006FDDA2 /* Main.storyboard in Resources */ = {isa = PBXBuildFile; fileRef = 2E1D1CEC1C30D6AE006FDDA2 /* Main.storyboard */; };
		2E1D1CF01C30D6AE006FDDA2 /* Assets.xcassets in Resources */ = {isa = PBXBuildFile; fileRef = 2E1D1CEF1C30D6AE006FDDA2 /* Assets.xcassets */; };
		2E1D1CF31C30D6AE006FDDA2 /* LaunchScreen.storyboard in Resources */ = {isa = PBXBuildFile; fileRef = 2E1D1CF11C30D6AE006FDDA2 /* LaunchScreen.storyboard */; };
/* End PBXBuildFile section */

/* Begin PBXFileReference section */
		2E1D1CE51C30D6AE006FDDA2 /* SwipeableTableView.app */ = {isa = PBXFileReference; explicitFileType = wrapper.application; includeInIndex = 0; path = SwipeableTableView.app; sourceTree = BUILT_PRODUCTS_DIR; };
		2E1D1CE81C30D6AE006FDDA2 /* AppDelegate.swift */ = {isa = PBXFileReference; lastKnownFileType = sourcecode.swift; path = AppDelegate.swift; sourceTree = "<group>"; };
		2E1D1CEA1C30D6AE006FDDA2 /* ViewController.swift */ = {isa = PBXFileReference; lastKnownFileType = sourcecode.swift; path = ViewController.swift; sourceTree = "<group>"; };
		2E1D1CED1C30D6AE006FDDA2 /* Base */ = {isa = PBXFileReference; lastKnownFileType = file.storyboard; name = Base; path = Base.lproj/Main.storyboard; sourceTree = "<group>"; };
		2E1D1CEF1C30D6AE006FDDA2 /* Assets.xcassets */ = {isa = PBXFileReference; lastKnownFileType = folder.assetcatalog; path = Assets.xcassets; sourceTree = "<group>"; };
		2E1D1CF21C30D6AE006FDDA2 /* Base */ = {isa = PBXFileReference; lastKnownFileType = file.storyboard; name = Base; path = Base.lproj/LaunchScreen.storyboard; sourceTree = "<group>"; };
		2E1D1CF41C30D6AE006FDDA2 /* Info.plist */ = {isa = PBXFileReference; lastKnownFileType = text.plist.xml; path = Info.plist; sourceTree = "<group>"; };
/* End PBXFileReference section */

/* Begin PBXFrameworksBuildPhase section */
		2E1D1CE21C30D6AE006FDDA2 /* Frameworks */ = {
			isa = PBXFrameworksBuildPhase;
			buildActionMask = 2147483647;
			files = (
			);
			runOnlyForDeploymentPostprocessing = 0;
		};
/* End PBXFrameworksBuildPhase section */

/* Begin PBXGroup section */
		2E1D1CDC1C30D6AE006FDDA2 = {
			isa = PBXGroup;
			children = (
				2E1D1CE71C30D6AE006FDDA2 /* SwipeableTableView */,
				2E1D1CE61C30D6AE006FDDA2 /* Products */,
			);
			sourceTree = "<group>";
		};
		2E1D1CE61C30D6AE006FDDA2 /* Products */ = {
			isa = PBXGroup;
			children = (
				2E1D1CE51C30D6AE006FDDA2 /* SwipeableTableView.app */,
			);
			name = Products;
			sourceTree = "<group>";
		};
		2E1D1CE71C30D6AE006FDDA2 /* SwipeableTableView */ = {
			isa = PBXGroup;
			children = (
				2E1D1CE81C30D6AE006FDDA2 /* AppDelegate.swift */,
				2E1D1CEA1C30D6AE006FDDA2 /* ViewController.swift */,
				2E1D1CEC1C30D6AE006FDDA2 /* Main.storyboard */,
				2E1D1CEF1C30D6AE006FDDA2 /* Assets.xcassets */,
				2E1D1CF11C30D6AE006FDDA2 /* LaunchScreen.storyboard */,
				2E1D1CF41C30D6AE006FDDA2 /* Info.plist */,
			);
			path = SwipeableTableView;
			sourceTree = "<group>";
		};
/* End PBXGroup section */

/* Begin PBXNativeTarget section */
		2E1D1CE41C30D6AE006FDDA2 /* SwipeableTableView */ = {
			isa = PBXNativeTarget;
			buildConfigurationList = 2E1D1CF71C30D6AE006FDDA2 /* Build configuration list for PBXNativeTarget "SwipeableTableView" */;
			buildPhases = (
				2E1D1CE11C30D6AE006FDDA2 /* Sources */,
				2E1D1CE21C30D6AE006FDDA2 /* Frameworks */,
				2E1D1CE31C30D6AE006FDDA2 /* Resources */,
			);
			buildRules = (
			);
			dependencies = (
			);
			name = SwipeableTableView;
			productName = SwipeableTableView;
			productReference = 2E1D1CE51C30D6AE006FDDA2 /* SwipeableTableView.app */;
			productType = "com.apple.product-type.application";
		};
/* End PBXNativeTarget section */

/* Begin PBXProject section */
		2E1D1CDD1C30D6AE006FDDA2 /* Project object */ = {
			isa = PBXProject;
			attributes = {
				LastSwiftUpdateCheck = 0710;
				LastUpgradeCheck = 0710;
				ORGANIZATIONNAME = "David Hakanson";
				TargetAttributes = {
					2E1D1CE41C30D6AE006FDDA2 = {
						CreatedOnToolsVersion = 7.1.1;
					};
				};
			};
			buildConfigurationList = 2E1D1CE01C30D6AE006FDDA2 /* Build configuration list for PBXProject "SwipeableTableView" */;
			compatibilityVersion = "Xcode 3.2";
			developmentRegion = English;
			hasScannedForEncodings = 0;
			knownRegions = (
				en,
				Base,
			);
			mainGroup = 2E1D1CDC1C30D6AE006FDDA2;
			productRefGroup = 2E1D1CE61C30D6AE006FDDA2 /* Products */;
			projectDirPath = "";
			projectRoot = "";
			targets = (
				2E1D1CE41C30D6AE006FDDA2 /* SwipeableTableView */,
			);
		};
/* End PBXProject section */

/* Begin PBXResourcesBuildPhase section */
		2E1D1CE31C30D6AE006FDDA2 /* Resources */ = {
			isa = PBXResourcesBuildPhase;
			buildActionMask = 2147483647;
			files = (
				2E1D1CF31C30D6AE006FDDA2 /* LaunchScreen.storyboard in Resources */,
				2E1D1CF01C30D6AE006FDDA2 /* Assets.xcassets in Resources */,
				2E1D1CEE1C30D6AE006FDDA2 /* Main.storyboard in Resources */,
			);
			runOnlyForDeploymentPostprocessing = 0;
		};
/* End PBXResourcesBuildPhase section */

/* Begin PBXSourcesBuildPhase section */
		2E1D1CE11C30D6AE006FDDA2 /* Sources */ = {
			isa = PBXSourcesBuildPhase;
			buildActionMask = 2147483647;
			files = (
				2E1D1CEB1C30D6AE006FDDA2 /* ViewController.swift in Sources */,
				2E1D1CE91C30D6AE006FDDA2 /* AppDelegate.swift in Sources */,
			);
			runOnlyForDeploymentPostprocessing = 0;
		};
/* End PBXSourcesBuildPhase section */

/* Begin PBXVariantGroup section */
		2E1D1CEC1C30D6AE006FDDA2 /* Main.storyboard */ = {
			isa = PBXVariantGroup;
			children = (
				2E1D1CED1C30D6AE006FDDA2 /* Base */,
			);
			name = Main.storyboard;
			sourceTree = "<group>";
		};
		2E1D1CF11C30D6AE006FDDA2 /* LaunchScreen.storyboard */ = {
			isa = PBXVariantGroup;
			children = (
				2E1D1CF21C30D6AE006FDDA2 /* Base */,
			);
			name = LaunchScreen.storyboard;
			sourceTree = "<group>";
		};
/* End PBXVariantGroup section */

/* Begin XCBuildConfiguration section */
		2E1D1CF51C30D6AE006FDDA2 /* Debug */ = {
			isa = XCBuildConfiguration;
			buildSettings = {
				ALWAYS_SEARCH_USER_PATHS = NO;
				CLANG_CXX_LANGUAGE_STANDARD = "gnu++0x";
				CLANG_CXX_LIBRARY = "libc++";
				CLANG_ENABLE_MODULES = YES;
				CLANG_ENABLE_OBJC_ARC = YES;
				CLANG_WARN_BOOL_CONVERSION = YES;
				CLANG_WARN_CONSTANT_CONVERSION = YES;
				CLANG_WARN_DIRECT_OBJC_ISA_USAGE = YES_ERROR;
				CLANG_WARN_EMPTY_BODY = YES;
				CLANG_WARN_ENUM_CONVERSION = YES;
				CLANG_WARN_INT_CONVERSION = YES;
				CLANG_WARN_OBJC_ROOT_CLASS = YES_ERROR;
				CLANG_WARN_UNREACHABLE_CODE = YES;
				CLANG_WARN__DUPLICATE_METHOD_MATCH = YES;
				"CODE_SIGN_IDENTITY[sdk=iphoneos*]" = "iPhone Developer";
				COPY_PHASE_STRIP = NO;
				DEBUG_INFORMATION_FORMAT = dwarf;
				ENABLE_STRICT_OBJC_MSGSEND = YES;
				ENABLE_TESTABILITY = YES;
				GCC_C_LANGUAGE_STANDARD = gnu99;
				GCC_DYNAMIC_NO_PIC = NO;
				GCC_NO_COMMON_BLOCKS = YES;
				GCC_OPTIMIZATION_LEVEL = 0;
				GCC_PREPROCESSOR_DEFINITIONS = (
					"DEBUG=1",
					"$(inherited)",
				);
				GCC_WARN_64_TO_32_BIT_CONVERSION = YES;
				GCC_WARN_ABOUT_RETURN_TYPE = YES_ERROR;
				GCC_WARN_UNDECLARED_SELECTOR = YES;
				GCC_WARN_UNINITIALIZED_AUTOS = YES_AGGRESSIVE;
				GCC_WARN_UNUSED_FUNCTION = YES;
				GCC_WARN_UNUSED_VARIABLE = YES;
				IPHONEOS_DEPLOYMENT_TARGET = 9.1;
				MTL_ENABLE_DEBUG_INFO = YES;
				ONLY_ACTIVE_ARCH = YES;
				SDKROOT = iphoneos;
				SWIFT_OPTIMIZATION_LEVEL = "-Onone";
				TARGETED_DEVICE_FAMILY = "1,2";
			};
			name = Debug;
		};
		2E1D1CF61C30D6AE006FDDA2 /* Release */ = {
			isa = XCBuildConfiguration;
			buildSettings = {
				ALWAYS_SEARCH_USER_PATHS = NO;
				CLANG_CXX_LANGUAGE_STANDARD = "gnu++0x";
				CLANG_CXX_LIBRARY = "libc++";
				CLANG_ENABLE_MODULES = YES;
				CLANG_ENABLE_OBJC_ARC = YES;
				CLANG_WARN_BOOL_CONVERSION = YES;
				CLANG_WARN_CONSTANT_CONVERSION = YES;
				CLANG_WARN_DIRECT_OBJC_ISA_USAGE = YES_ERROR;
				CLANG_WARN_EMPTY_BODY = YES;
				CLANG_WARN_ENUM_CONVERSION = YES;
				CLANG_WARN_INT_CONVERSION = YES;
				CLANG_WARN_OBJC_ROOT_CLASS = YES_ERROR;
				CLANG_WARN_UNREACHABLE_CODE = YES;
				CLANG_WARN__DUPLICATE_METHOD_MATCH = YES;
				"CODE_SIGN_IDENTITY[sdk=iphoneos*]" = "iPhone Developer";
				COPY_PHASE_STRIP = NO;
				DEBUG_INFORMATION_FORMAT = "dwarf-with-dsym";
				ENABLE_NS_ASSERTIONS = NO;
				ENABLE_STRICT_OBJC_MSGSEND = YES;
				GCC_C_LANGUAGE_STANDARD = gnu99;
				GCC_NO_COMMON_BLOCKS = YES;
				GCC_WARN_64_TO_32_BIT_CONVERSION = YES;
				GCC_WARN_ABOUT_RETURN_TYPE = YES_ERROR;
				GCC_WARN_UNDECLARED_SELECTOR = YES;
				GCC_WARN_UNINITIALIZED_AUTOS = YES_AGGRESSIVE;
				GCC_WARN_UNUSED_FUNCTION = YES;
				GCC_WARN_UNUSED_VARIABLE = YES;
				IPHONEOS_DEPLOYMENT_TARGET = 9.1;
				MTL_ENABLE_DEBUG_INFO = NO;
				SDKROOT = iphoneos;
				TARGETED_DEVICE_FAMILY = "1,2";
				VALIDATE_PRODUCT = YES;
			};
			name = Release;
		};
		2E1D1CF81C30D6AE006FDDA2 /* Debug */ = {
			isa = XCBuildConfiguration;
			buildSettings = {
				ASSETCATALOG_COMPILER_APPICON_NAME = AppIcon;
				INFOPLIST_FILE = SwipeableTableView/Info.plist;
				LD_RUNPATH_SEARCH_PATHS = "$(inherited) @executable_path/Frameworks";
				PRODUCT_BUNDLE_IDENTIFIER = com.schedule4.SwipeableTableView;
				PRODUCT_NAME = "$(TARGET_NAME)";
			};
			name = Debug;
		};
		2E1D1CF91C30D6AE006FDDA2 /* Release */ = {
			isa = XCBuildConfiguration;
			buildSettings = {
				ASSETCATALOG_COMPILER_APPICON_NAME = AppIcon;
				INFOPLIST_FILE = SwipeableTableView/Info.plist;
				LD_RUNPATH_SEARCH_PATHS = "$(inherited) @executable_path/Frameworks";
				PRODUCT_BUNDLE_IDENTIFIER = com.schedule4.SwipeableTableView;
				PRODUCT_NAME = "$(TARGET_NAME)";
			};
			name = Release;
		};
/* End XCBuildConfiguration section */

/* Begin XCConfigurationList section */
		2E1D1CE01C30D6AE006FDDA2 /* Build configuration list for PBXProject "SwipeableTableView" */ = {
			isa = XCConfigurationList;
			buildConfigurations = (
				2E1D1CF51C30D6AE006FDDA2 /* Debug */,
				2E1D1CF61C30D6AE006FDDA2 /* Release */,
			);
			defaultConfigurationIsVisible = 0;
			defaultConfigurationName = Release;
		};
		2E1D1CF71C30D6AE006FDDA2 /* Build configuration list for PBXNativeTarget "SwipeableTableView" */ = {
			isa = XCConfigurationList;
			buildConfigurations = (
				2E1D1CF81C30D6AE006FDDA2 /* Debug */,
				2E1D1CF91C30D6AE006FDDA2 /* Release */,
			);
			defaultConfigurationIsVisible = 0;
		};
/* End XCConfigurationList section */
	};
	rootObject = 2E1D1CDD1C30D6AE006FDDA2 /* Project object */;
}
